PODS:
  - AFNetworking (2.2.0):
    - AFNetworking/NSURLConnection
    - AFNetworking/NSURLSession
    - AFNetworking/Reachability
    - AFNetworking/Security
    - AFNetworking/Serialization
    - AFNetworking/UIKit
  - AFNetworking/NSURLConnection (2.2.0):
    - AFNetworking/Reachability
    - AFNetworking/Security
    - AFNetworking/Serialization
  - AFNetworking/NSURLSession (2.2.0):
    - AFNetworking/NSURLConnection
  - AFNetworking/Reachability (2.2.0)
  - AFNetworking/Security (2.2.0)
  - AFNetworking/Serialization (2.2.0)
  - AFNetworking/UIKit (2.2.0):
    - AFNetworking/NSURLConnection
    - AFNetworking/NSURLSession
  - CBIntrospect (0.4.2)
  - FMDB (2.2):
    - FMDB/standard
  - FMDB/common (2.2)
  - FMDB/standard (2.2):
    - FMDB/common
  - OpenUDID (1.0.0)
  - Reachability (3.1.1)
  - ReactiveCocoa (2.2.4):
    - ReactiveCocoa/Core
    - ReactiveCocoa/no-arc
  - ReactiveCocoa/Core (2.2.4):
    - ReactiveCocoa/no-arc
  - ReactiveCocoa/no-arc (2.2.4)

DEPENDENCIES:
  - AFNetworking (~> 2.2.0)
  - CBIntrospect (~> 0.4.2)
  - FMDB (~> 2.2)
  - OpenUDID (~> 1.0.0)
  - Reachability (~> 3.1.1)
  - ReactiveCocoa (~> 2.2.4)

SPEC CHECKSUMS:
  AFNetworking: e8cfd8f3fe3bfe19124a0cc63f4d45752d892a56
  CBIntrospect: cb2fec92d6678e74d00ef4dd10eaeb9f304af6ef
  FMDB: 97472cfacf0d9e445e915704fb43b4b142799c36
  OpenUDID: 13ab988776ef38dca1e2e799e961448cf83a8111
  Reachability: be4883bb93f31e38266ae3365e5600a317aae735
  ReactiveCocoa: 953a45dda30674fe704d1d9c77cc874141742f47

COCOAPODS: 0.29.0
