// !$*UTF8*$!
{
	archiveVersion = 1;
	classes = {
	};
	objectVersion = 46;
	objects = {

/* Begin PBXBuildFile section */
		4E0A0F5E18DA9836004082C6 /* GYAppTabBarItem.m in Sources */ = {isa = PBXBuildFile; fileRef = 4E0A0F5D18DA9836004082C6 /* GYAppTabBarItem.m */; };
		4E0A0F6718DA9902004082C6 /* GYAppTabBarController.m in Sources */ = {isa = PBXBuildFile; fileRef = 4E0A0F6618DA9902004082C6 /* GYAppTabBarController.m */; };
		4E0A0F6B18DA9A78004082C6 /* GYGameHallViewController.m in Sources */ = {isa = PBXBuildFile; fileRef = 4E0A0F6918DA9A78004082C6 /* GYGameHallViewController.m */; };
		4E0A0F6C18DA9A78004082C6 /* GYGameHallViewController.xib in Resources */ = {isa = PBXBuildFile; fileRef = 4E0A0F6A18DA9A78004082C6 /* GYGameHallViewController.xib */; };
		4E0A0F7018DA9ACD004082C6 /* GYUserInterfaceViewController.m in Sources */ = {isa = PBXBuildFile; fileRef = 4E0A0F6E18DA9ACD004082C6 /* GYUserInterfaceViewController.m */; };
		4E0A0F7118DA9ACD004082C6 /* GYUserInterfaceViewController.xib in Resources */ = {isa = PBXBuildFile; fileRef = 4E0A0F6F18DA9ACD004082C6 /* GYUserInterfaceViewController.xib */; };
		4E0A0F7518DA9B1B004082C6 /* GYOpenPrizeInfoViewController.m in Sources */ = {isa = PBXBuildFile; fileRef = 4E0A0F7318DA9B1B004082C6 /* GYOpenPrizeInfoViewController.m */; };
		4E0A0F7618DA9B1B004082C6 /* GYOpenPrizeInfoViewController.xib in Resources */ = {isa = PBXBuildFile; fileRef = 4E0A0F7418DA9B1B004082C6 /* GYOpenPrizeInfoViewController.xib */; };
		4E0A0F7A18DA9B59004082C6 /* GYNewsInfoViewController.m in Sources */ = {isa = PBXBuildFile; fileRef = 4E0A0F7818DA9B59004082C6 /* GYNewsInfoViewController.m */; };
		4E0A0F7B18DA9B59004082C6 /* GYNewsInfoViewController.xib in Resources */ = {isa = PBXBuildFile; fileRef = 4E0A0F7918DA9B59004082C6 /* GYNewsInfoViewController.xib */; };
		4E0A0F7F18DA9B97004082C6 /* GYMoreInterfaceViewController.m in Sources */ = {isa = PBXBuildFile; fileRef = 4E0A0F7D18DA9B97004082C6 /* GYMoreInterfaceViewController.m */; };
		4E0A0F8018DA9B97004082C6 /* GYMoreInterfaceViewController.xib in Resources */ = {isa = PBXBuildFile; fileRef = 4E0A0F7E18DA9B97004082C6 /* GYMoreInterfaceViewController.xib */; };
		4E0A0F8318DA9C93004082C6 /* GYRegularVerification.m in Sources */ = {isa = PBXBuildFile; fileRef = 4E0A0F8218DA9C93004082C6 /* GYRegularVerification.m */; };
		4E0A0F8618DA9CF0004082C6 /* GYAppDelegateHelper.m in Sources */ = {isa = PBXBuildFile; fileRef = 4E0A0F8518DA9CF0004082C6 /* GYAppDelegateHelper.m */; };
		4E0A0F8918DAA1B5004082C6 /* GYUncaughtExceptionHandler.m in Sources */ = {isa = PBXBuildFile; fileRef = 4E0A0F8818DAA1B5004082C6 /* GYUncaughtExceptionHandler.m */; };
		4E0A0F8C18DAA2AB004082C6 /* GYGaryPersonalLog.m in Sources */ = {isa = PBXBuildFile; fileRef = 4E0A0F8B18DAA2AB004082C6 /* GYGaryPersonalLog.m */; };
		4E0A0FA118DAD586004082C6 /* AppDelegate+Push.m in Sources */ = {isa = PBXBuildFile; fileRef = 4E0A0FA018DAD586004082C6 /* AppDelegate+Push.m */; };
		4E0A0FE418DAE5E1004082C6 /* Reveal.framework in Frameworks */ = {isa = PBXBuildFile; fileRef = 4E0A0FE318DAE5E1004082C6 /* Reveal.framework */; };
		4E0A0FE618DAE5F5004082C6 /* CFNetwork.framework in Frameworks */ = {isa = PBXBuildFile; fileRef = 4E0A0FE518DAE5F5004082C6 /* CFNetwork.framework */; };
		4E0A0FE818DAE5FE004082C6 /* QuartzCore.framework in Frameworks */ = {isa = PBXBuildFile; fileRef = 4E0A0FE718DAE5FE004082C6 /* QuartzCore.framework */; };
		4E305A2818B3744000ACDEB5 /* NSString+LotteryNameCode.m in Sources */ = {isa = PBXBuildFile; fileRef = 4E305A2718B3744000ACDEB5 /* NSString+LotteryNameCode.m */; };
		4E305A2B18B3752100ACDEB5 /* NSString+JSONCategory.m in Sources */ = {isa = PBXBuildFile; fileRef = 4E305A2A18B3752100ACDEB5 /* NSString+JSONCategory.m */; };
		4E305A2E18B3754600ACDEB5 /* NSString+MD5.m in Sources */ = {isa = PBXBuildFile; fileRef = 4E305A2D18B3754600ACDEB5 /* NSString+MD5.m */; };
		4E305A3118B375A200ACDEB5 /* NSString+Category.m in Sources */ = {isa = PBXBuildFile; fileRef = 4E305A3018B375A200ACDEB5 /* NSString+Category.m */; };
		4E44FF4218B236100066B9E9 /* UIColor+UIImage.m in Sources */ = {isa = PBXBuildFile; fileRef = 4E44FF4018B236100066B9E9 /* UIColor+UIImage.m */; };
		4E44FF7E18B24C750066B9E9 /* UIViewController+Shake.m in Sources */ = {isa = PBXBuildFile; fileRef = 4E44FF7D18B24C750066B9E9 /* UIViewController+Shake.m */; };
		4E44FFA318B250F50066B9E9 /* NavBackButton.png in Resources */ = {isa = PBXBuildFile; fileRef = 4E44FF8118B250F50066B9E9 /* NavBackButton.png */; };
		4E44FFA418B250F50066B9E9 /* NavBackButton@2x.png in Resources */ = {isa = PBXBuildFile; fileRef = 4E44FF8218B250F50066B9E9 /* NavBackButton@2x.png */; };
		4E44FFA518B250F50066B9E9 /* NavBackButtonPressed@2x.png in Resources */ = {isa = PBXBuildFile; fileRef = 4E44FF8318B250F50066B9E9 /* NavBackButtonPressed@2x.png */; };
		4E44FFA618B250F50066B9E9 /* NavBar.png in Resources */ = {isa = PBXBuildFile; fileRef = 4E44FF8418B250F50066B9E9 /* NavBar.png */; };
		4E44FFA718B250F50066B9E9 /* NavBar64.png in Resources */ = {isa = PBXBuildFile; fileRef = 4E44FF8518B250F50066B9E9 /* NavBar64.png */; };
		4E44FFA818B250F50066B9E9 /* NavBar64@2x.png in Resources */ = {isa = PBXBuildFile; fileRef = 4E44FF8618B250F50066B9E9 /* NavBar64@2x.png */; };
		4E44FFA918B250F50066B9E9 /* NavBar@2x.png in Resources */ = {isa = PBXBuildFile; fileRef = 4E44FF8718B250F50066B9E9 /* NavBar@2x.png */; };
		4E44FFAA18B250F50066B9E9 /* NavBarLogo.png in Resources */ = {isa = PBXBuildFile; fileRef = 4E44FF8818B250F50066B9E9 /* NavBarLogo.png */; };
		4E44FFAB18B250F50066B9E9 /* NavBarLogo@2x.png in Resources */ = {isa = PBXBuildFile; fileRef = 4E44FF8918B250F50066B9E9 /* NavBarLogo@2x.png */; };
		4E44FFAC18B250F50066B9E9 /* NavButton@2x.png in Resources */ = {isa = PBXBuildFile; fileRef = 4E44FF8A18B250F50066B9E9 /* NavButton@2x.png */; };
		4E44FFAD18B250F50066B9E9 /* NavButtonPressed@2x.png in Resources */ = {isa = PBXBuildFile; fileRef = 4E44FF8B18B250F50066B9E9 /* NavButtonPressed@2x.png */; };
		4E44FFAE18B250F50066B9E9 /* NavButtonRefresh.png in Resources */ = {isa = PBXBuildFile; fileRef = 4E44FF8C18B250F50066B9E9 /* NavButtonRefresh.png */; };
		4E44FFAF18B250F50066B9E9 /* NavButtonRefresh@2x.png in Resources */ = {isa = PBXBuildFile; fileRef = 4E44FF8D18B250F50066B9E9 /* NavButtonRefresh@2x.png */; };
		4E44FFB018B250F50066B9E9 /* tab_icon1.png in Resources */ = {isa = PBXBuildFile; fileRef = 4E44FF8F18B250F50066B9E9 /* tab_icon1.png */; };
		4E44FFB118B250F50066B9E9 /* tab_icon1@2x.png in Resources */ = {isa = PBXBuildFile; fileRef = 4E44FF9018B250F50066B9E9 /* tab_icon1@2x.png */; };
		4E44FFB218B250F50066B9E9 /* tab_icon1_Press.png in Resources */ = {isa = PBXBuildFile; fileRef = 4E44FF9118B250F50066B9E9 /* tab_icon1_Press.png */; };
		4E44FFB318B250F50066B9E9 /* tab_icon1_Press@2x.png in Resources */ = {isa = PBXBuildFile; fileRef = 4E44FF9218B250F50066B9E9 /* tab_icon1_Press@2x.png */; };
		4E44FFB418B250F50066B9E9 /* tab_icon2.png in Resources */ = {isa = PBXBuildFile; fileRef = 4E44FF9318B250F50066B9E9 /* tab_icon2.png */; };
		4E44FFB518B250F50066B9E9 /* tab_icon2@2x.png in Resources */ = {isa = PBXBuildFile; fileRef = 4E44FF9418B250F50066B9E9 /* tab_icon2@2x.png */; };
		4E44FFB618B250F50066B9E9 /* tab_icon2_Press.png in Resources */ = {isa = PBXBuildFile; fileRef = 4E44FF9518B250F50066B9E9 /* tab_icon2_Press.png */; };
		4E44FFB718B250F50066B9E9 /* tab_icon2_Press@2x.png in Resources */ = {isa = PBXBuildFile; fileRef = 4E44FF9618B250F50066B9E9 /* tab_icon2_Press@2x.png */; };
		4E44FFB818B250F50066B9E9 /* tab_icon3.png in Resources */ = {isa = PBXBuildFile; fileRef = 4E44FF9718B250F50066B9E9 /* tab_icon3.png */; };
		4E44FFB918B250F50066B9E9 /* tab_icon3@2x.png in Resources */ = {isa = PBXBuildFile; fileRef = 4E44FF9818B250F50066B9E9 /* tab_icon3@2x.png */; };
		4E44FFBA18B250F50066B9E9 /* tab_icon3_Press.png in Resources */ = {isa = PBXBuildFile; fileRef = 4E44FF9918B250F50066B9E9 /* tab_icon3_Press.png */; };
		4E44FFBB18B250F50066B9E9 /* tab_icon3_Press@2x.png in Resources */ = {isa = PBXBuildFile; fileRef = 4E44FF9A18B250F50066B9E9 /* tab_icon3_Press@2x.png */; };
		4E44FFBC18B250F50066B9E9 /* tab_icon4.png in Resources */ = {isa = PBXBuildFile; fileRef = 4E44FF9B18B250F50066B9E9 /* tab_icon4.png */; };
		4E44FFBD18B250F50066B9E9 /* tab_icon4@2x.png in Resources */ = {isa = PBXBuildFile; fileRef = 4E44FF9C18B250F50066B9E9 /* tab_icon4@2x.png */; };
		4E44FFBE18B250F50066B9E9 /* tab_icon4_Press.png in Resources */ = {isa = PBXBuildFile; fileRef = 4E44FF9D18B250F50066B9E9 /* tab_icon4_Press.png */; };
		4E44FFBF18B250F50066B9E9 /* tab_icon4_Press@2x.png in Resources */ = {isa = PBXBuildFile; fileRef = 4E44FF9E18B250F50066B9E9 /* tab_icon4_Press@2x.png */; };
		4E44FFC018B250F50066B9E9 /* tab_icon5.png in Resources */ = {isa = PBXBuildFile; fileRef = 4E44FF9F18B250F50066B9E9 /* tab_icon5.png */; };
		4E44FFC118B250F50066B9E9 /* tab_icon5@2x.png in Resources */ = {isa = PBXBuildFile; fileRef = 4E44FFA018B250F50066B9E9 /* tab_icon5@2x.png */; };
		4E44FFC218B250F50066B9E9 /* tab_icon5_Press.png in Resources */ = {isa = PBXBuildFile; fileRef = 4E44FFA118B250F50066B9E9 /* tab_icon5_Press.png */; };
		4E44FFC318B250F50066B9E9 /* tab_icon5_Press@2x.png in Resources */ = {isa = PBXBuildFile; fileRef = 4E44FFA218B250F50066B9E9 /* tab_icon5_Press@2x.png */; };
		4E680EFC18C8C95300D23325 /* View_iPad in Resources */ = {isa = PBXBuildFile; fileRef = 4E680EF918C8C95300D23325 /* View_iPad */; };
		4E680EFD18C8C95300D23325 /* View_iPhone in Resources */ = {isa = PBXBuildFile; fileRef = 4E680EFB18C8C95300D23325 /* View_iPhone */; };
		4E680F1D18C8D44000D23325 /* MoreInterfaceTableItem.plist in Resources */ = {isa = PBXBuildFile; fileRef = 4E680F1C18C8D44000D23325 /* MoreInterfaceTableItem.plist */; };
		4E73D88C18EAC3DB005D5663 /* GYJSONUtility.m in Sources */ = {isa = PBXBuildFile; fileRef = 4E73D88818EAC3DB005D5663 /* GYJSONUtility.m */; };
		4E73D89018EAC554005D5663 /* XMLDictionary.m in Sources */ = {isa = PBXBuildFile; fileRef = 4E73D88F18EAC554005D5663 /* XMLDictionary.m */; };
		4E73D89318EAC57A005D5663 /* GYResolveDataUtility.m in Sources */ = {isa = PBXBuildFile; fileRef = 4E73D89218EAC57A005D5663 /* GYResolveDataUtility.m */; };
		4E84118518E409B100A7C36D /* NSObject+GYBlockTimer.m in Sources */ = {isa = PBXBuildFile; fileRef = 4E84118418E409B100A7C36D /* NSObject+GYBlockTimer.m */; };
		4E89AE6018DCAC0400C4DD7B /* APIRespondCode.plist in Resources */ = {isa = PBXBuildFile; fileRef = 4E89AE5F18DCAC0400C4DD7B /* APIRespondCode.plist */; };
		4EAC94A918E56BEB00E15684 /* AppDelegate+MMDrawer.m in Sources */ = {isa = PBXBuildFile; fileRef = 4EAC94A818E56BEB00E15684 /* AppDelegate+MMDrawer.m */; };
		4EB771B918891FFD00EBF933 /* Model in Resources */ = {isa = PBXBuildFile; fileRef = 4EB771B818891FFD00EBF933 /* Model */; };
		4EBA8B7F187649AA0009991E /* UIView+Utils.m in Sources */ = {isa = PBXBuildFile; fileRef = 4EBA8B7E187649AA0009991E /* UIView+Utils.m */; };
		4EBA8B8618764D790009991E /* AFAppDotNetAPIClient.m in Sources */ = {isa = PBXBuildFile; fileRef = 4EBA8B8518764D790009991E /* AFAppDotNetAPIClient.m */; };
		4EBA8B991876633D0009991E /* UIDevice+SystemInfo.m in Sources */ = {isa = PBXBuildFile; fileRef = 4EBA8B981876633D0009991E /* UIDevice+SystemInfo.m */; };
		4ED193D7187100FC00F643DC /* Foundation.framework in Frameworks */ = {isa = PBXBuildFile; fileRef = 4ED193D6187100FC00F643DC /* Foundation.framework */; };
		4ED193D9187100FC00F643DC /* CoreGraphics.framework in Frameworks */ = {isa = PBXBuildFile; fileRef = 4ED193D8187100FC00F643DC /* CoreGraphics.framework */; };
		4ED193DB187100FC00F643DC /* UIKit.framework in Frameworks */ = {isa = PBXBuildFile; fileRef = 4ED193DA187100FC00F643DC /* UIKit.framework */; };
		4ED193E3187100FD00F643DC /* main.m in Sources */ = {isa = PBXBuildFile; fileRef = 4ED193E2187100FD00F643DC /* main.m */; };
		4ED193E7187100FD00F643DC /* AppDelegate.m in Sources */ = {isa = PBXBuildFile; fileRef = 4ED193E6187100FD00F643DC /* AppDelegate.m */; };
		4ED193F2187100FD00F643DC /* Images.xcassets in Resources */ = {isa = PBXBuildFile; fileRef = 4ED193F1187100FD00F643DC /* Images.xcassets */; };
		4ED193F9187100FD00F643DC /* XCTest.framework in Frameworks */ = {isa = PBXBuildFile; fileRef = 4ED193F8187100FD00F643DC /* XCTest.framework */; };
		4ED193FA187100FD00F643DC /* Foundation.framework in Frameworks */ = {isa = PBXBuildFile; fileRef = 4ED193D6187100FC00F643DC /* Foundation.framework */; };
		4ED193FB187100FD00F643DC /* UIKit.framework in Frameworks */ = {isa = PBXBuildFile; fileRef = 4ED193DA187100FC00F643DC /* UIKit.framework */; };
		4ED19405187100FD00F643DC /* JccpTests.m in Sources */ = {isa = PBXBuildFile; fileRef = 4ED19404187100FD00F643DC /* JccpTests.m */; };
		4ED43C9218D4415E003D56F1 /* UIDevice+UDID.m in Sources */ = {isa = PBXBuildFile; fileRef = 4ED43C9118D4415E003D56F1 /* UIDevice+UDID.m */; };
		4EE87E8218EE5D4300CE4A22 /* GYHTTPNetWorkManager.m in Sources */ = {isa = PBXBuildFile; fileRef = 4EE87E8118EE5D4300CE4A22 /* GYHTTPNetWorkManager.m */; };
		4EF2108518769ABB00D8634F /* digital-7.ttf in Resources */ = {isa = PBXBuildFile; fileRef = 4EF2108418769ABB00D8634F /* digital-7.ttf */; };
		4EF2109018769C6C00D8634F /* InfoPlist.strings in Resources */ = {isa = PBXBuildFile; fileRef = 4EF2108E18769C6C00D8634F /* InfoPlist.strings */; };
		4EF2109418769C9D00D8634F /* Localizable.strings in Resources */ = {isa = PBXBuildFile; fileRef = 4EF2109618769C9D00D8634F /* Localizable.strings */; };
		4EF2109A1876A00B00D8634F /* read in Resources */ = {isa = PBXBuildFile; fileRef = 4EF210991876A00B00D8634F /* read */; };
		4EFF266F18DD5F730058C193 /* GYRespondCodeUtility.m in Sources */ = {isa = PBXBuildFile; fileRef = 4EFF266E18DD5F730058C193 /* GYRespondCodeUtility.m */; };
		6C52E88063E84A07A910691F /* libPods.a in Frameworks */ = {isa = PBXBuildFile; fileRef = AFF1817C270646BE98E53A43 /* libPods.a */; };
/* End PBXBuildFile section */

/* Begin PBXContainerItemProxy section */
		4ED193FC187100FD00F643DC /* PBXContainerItemProxy */ = {
			isa = PBXContainerItemProxy;
			containerPortal = 4ED193CB187100FC00F643DC /* Project object */;
			proxyType = 1;
			remoteGlobalIDString = 4ED193D2187100FC00F643DC;
			remoteInfo = Jccp;
		};
/* End PBXContainerItemProxy section */

/* Begin PBXFileReference section */
		4E0A0F5C18DA9836004082C6 /* GYAppTabBarItem.h */ = {isa = PBXFileReference; fileEncoding = 4; lastKnownFileType = sourcecode.c.h; path = GYAppTabBarItem.h; sourceTree = "<group>"; };
		4E0A0F5D18DA9836004082C6 /* GYAppTabBarItem.m */ = {isa = PBXFileReference; fileEncoding = 4; lastKnownFileType = sourcecode.c.objc; path = GYAppTabBarItem.m; sourceTree = "<group>"; };
		4E0A0F6518DA9902004082C6 /* GYAppTabBarController.h */ = {isa = PBXFileReference; fileEncoding = 4; lastKnownFileType = sourcecode.c.h; path = GYAppTabBarController.h; sourceTree = "<group>"; };
		4E0A0F6618DA9902004082C6 /* GYAppTabBarController.m */ = {isa = PBXFileReference; fileEncoding = 4; lastKnownFileType = sourcecode.c.objc; path = GYAppTabBarController.m; sourceTree = "<group>"; };
		4E0A0F6818DA9A78004082C6 /* GYGameHallViewController.h */ = {isa = PBXFileReference; fileEncoding = 4; lastKnownFileType = sourcecode.c.h; path = GYGameHallViewController.h; sourceTree = "<group>"; };
		4E0A0F6918DA9A78004082C6 /* GYGameHallViewController.m */ = {isa = PBXFileReference; fileEncoding = 4; lastKnownFileType = sourcecode.c.objc; path = GYGameHallViewController.m; sourceTree = "<group>"; };
		4E0A0F6A18DA9A78004082C6 /* GYGameHallViewController.xib */ = {isa = PBXFileReference; fileEncoding = 4; lastKnownFileType = file.xib; path = GYGameHallViewController.xib; sourceTree = "<group>"; };
		4E0A0F6D18DA9ACD004082C6 /* GYUserInterfaceViewController.h */ = {isa = PBXFileReference; fileEncoding = 4; lastKnownFileType = sourcecode.c.h; path = GYUserInterfaceViewController.h; sourceTree = "<group>"; };
		4E0A0F6E18DA9ACD004082C6 /* GYUserInterfaceViewController.m */ = {isa = PBXFileReference; fileEncoding = 4; lastKnownFileType = sourcecode.c.objc; path = GYUserInterfaceViewController.m; sourceTree = "<group>"; };
		4E0A0F6F18DA9ACD004082C6 /* GYUserInterfaceViewController.xib */ = {isa = PBXFileReference; fileEncoding = 4; lastKnownFileType = file.xib; path = GYUserInterfaceViewController.xib; sourceTree = "<group>"; };
		4E0A0F7218DA9B1B004082C6 /* GYOpenPrizeInfoViewController.h */ = {isa = PBXFileReference; fileEncoding = 4; lastKnownFileType = sourcecode.c.h; path = GYOpenPrizeInfoViewController.h; sourceTree = "<group>"; };
		4E0A0F7318DA9B1B004082C6 /* GYOpenPrizeInfoViewController.m */ = {isa = PBXFileReference; fileEncoding = 4; lastKnownFileType = sourcecode.c.objc; path = GYOpenPrizeInfoViewController.m; sourceTree = "<group>"; };
		4E0A0F7418DA9B1B004082C6 /* GYOpenPrizeInfoViewController.xib */ = {isa = PBXFileReference; fileEncoding = 4; lastKnownFileType = file.xib; path = GYOpenPrizeInfoViewController.xib; sourceTree = "<group>"; };
		4E0A0F7718DA9B59004082C6 /* GYNewsInfoViewController.h */ = {isa = PBXFileReference; fileEncoding = 4; lastKnownFileType = sourcecode.c.h; path = GYNewsInfoViewController.h; sourceTree = "<group>"; };
		4E0A0F7818DA9B59004082C6 /* GYNewsInfoViewController.m */ = {isa = PBXFileReference; fileEncoding = 4; lastKnownFileType = sourcecode.c.objc; path = GYNewsInfoViewController.m; sourceTree = "<group>"; };
		4E0A0F7918DA9B59004082C6 /* GYNewsInfoViewController.xib */ = {isa = PBXFileReference; fileEncoding = 4; lastKnownFileType = file.xib; path = GYNewsInfoViewController.xib; sourceTree = "<group>"; };
		4E0A0F7C18DA9B97004082C6 /* GYMoreInterfaceViewController.h */ = {isa = PBXFileReference; fileEncoding = 4; lastKnownFileType = sourcecode.c.h; path = GYMoreInterfaceViewController.h; sourceTree = "<group>"; };
		4E0A0F7D18DA9B97004082C6 /* GYMoreInterfaceViewController.m */ = {isa = PBXFileReference; fileEncoding = 4; lastKnownFileType = sourcecode.c.objc; path = GYMoreInterfaceViewController.m; sourceTree = "<group>"; };
		4E0A0F7E18DA9B97004082C6 /* GYMoreInterfaceViewController.xib */ = {isa = PBXFileReference; fileEncoding = 4; lastKnownFileType = file.xib; path = GYMoreInterfaceViewController.xib; sourceTree = "<group>"; };
		4E0A0F8118DA9C93004082C6 /* GYRegularVerification.h */ = {isa = PBXFileReference; fileEncoding = 4; lastKnownFileType = sourcecode.c.h; path = GYRegularVerification.h; sourceTree = "<group>"; };
		4E0A0F8218DA9C93004082C6 /* GYRegularVerification.m */ = {isa = PBXFileReference; fileEncoding = 4; lastKnownFileType = sourcecode.c.objc; path = GYRegularVerification.m; sourceTree = "<group>"; };
		4E0A0F8418DA9CF0004082C6 /* GYAppDelegateHelper.h */ = {isa = PBXFileReference; fileEncoding = 4; lastKnownFileType = sourcecode.c.h; path = GYAppDelegateHelper.h; sourceTree = "<group>"; };
		4E0A0F8518DA9CF0004082C6 /* GYAppDelegateHelper.m */ = {isa = PBXFileReference; fileEncoding = 4; lastKnownFileType = sourcecode.c.objc; path = GYAppDelegateHelper.m; sourceTree = "<group>"; };
		4E0A0F8718DAA1B5004082C6 /* GYUncaughtExceptionHandler.h */ = {isa = PBXFileReference; fileEncoding = 4; lastKnownFileType = sourcecode.c.h; path = GYUncaughtExceptionHandler.h; sourceTree = "<group>"; };
		4E0A0F8818DAA1B5004082C6 /* GYUncaughtExceptionHandler.m */ = {isa = PBXFileReference; fileEncoding = 4; lastKnownFileType = sourcecode.c.objc; path = GYUncaughtExceptionHandler.m; sourceTree = "<group>"; };
		4E0A0F8A18DAA2AB004082C6 /* GYGaryPersonalLog.h */ = {isa = PBXFileReference; fileEncoding = 4; lastKnownFileType = sourcecode.c.h; path = GYGaryPersonalLog.h; sourceTree = "<group>"; };
		4E0A0F8B18DAA2AB004082C6 /* GYGaryPersonalLog.m */ = {isa = PBXFileReference; fileEncoding = 4; lastKnownFileType = sourcecode.c.objc; path = GYGaryPersonalLog.m; sourceTree = "<group>"; };
		4E0A0F9F18DAD586004082C6 /* AppDelegate+Push.h */ = {isa = PBXFileReference; fileEncoding = 4; lastKnownFileType = sourcecode.c.h; path = "AppDelegate+Push.h"; sourceTree = "<group>"; };
		4E0A0FA018DAD586004082C6 /* AppDelegate+Push.m */ = {isa = PBXFileReference; fileEncoding = 4; lastKnownFileType = sourcecode.c.objc; path = "AppDelegate+Push.m"; sourceTree = "<group>"; };
		4E0A0FE318DAE5E1004082C6 /* Reveal.framework */ = {isa = PBXFileReference; lastKnownFileType = wrapper.framework; path = Reveal.framework; sourceTree = "<group>"; };
		4E0A0FE518DAE5F5004082C6 /* CFNetwork.framework */ = {isa = PBXFileReference; lastKnownFileType = wrapper.framework; name = CFNetwork.framework; path = System/Library/Frameworks/CFNetwork.framework; sourceTree = SDKROOT; };
		4E0A0FE718DAE5FE004082C6 /* QuartzCore.framework */ = {isa = PBXFileReference; lastKnownFileType = wrapper.framework; name = QuartzCore.framework; path = System/Library/Frameworks/QuartzCore.framework; sourceTree = SDKROOT; };
		4E0F8A85187686C9002C2DD6 /* PodsHeaderManager.h */ = {isa = PBXFileReference; lastKnownFileType = sourcecode.c.h; path = PodsHeaderManager.h; sourceTree = "<group>"; };
		4E28637918DD68510027F261 /* UtilityManager.h */ = {isa = PBXFileReference; lastKnownFileType = sourcecode.c.h; path = UtilityManager.h; sourceTree = "<group>"; };
		4E305A2418B373BD00ACDEB5 /* LotteryNameCodeMacro.h */ = {isa = PBXFileReference; lastKnownFileType = sourcecode.c.h; path = LotteryNameCodeMacro.h; sourceTree = "<group>"; };
		4E305A2618B3744000ACDEB5 /* NSString+LotteryNameCode.h */ = {isa = PBXFileReference; fileEncoding = 4; lastKnownFileType = sourcecode.c.h; path = "NSString+LotteryNameCode.h"; sourceTree = "<group>"; };
		4E305A2718B3744000ACDEB5 /* NSString+LotteryNameCode.m */ = {isa = PBXFileReference; fileEncoding = 4; lastKnownFileType = sourcecode.c.objc; path = "NSString+LotteryNameCode.m"; sourceTree = "<group>"; };
		4E305A2918B3752100ACDEB5 /* NSString+JSONCategory.h */ = {isa = PBXFileReference; fileEncoding = 4; lastKnownFileType = sourcecode.c.h; path = "NSString+JSONCategory.h"; sourceTree = "<group>"; };
		4E305A2A18B3752100ACDEB5 /* NSString+JSONCategory.m */ = {isa = PBXFileReference; fileEncoding = 4; lastKnownFileType = sourcecode.c.objc; path = "NSString+JSONCategory.m"; sourceTree = "<group>"; };
		4E305A2C18B3754600ACDEB5 /* NSString+MD5.h */ = {isa = PBXFileReference; fileEncoding = 4; lastKnownFileType = sourcecode.c.h; path = "NSString+MD5.h"; sourceTree = "<group>"; };
		4E305A2D18B3754600ACDEB5 /* NSString+MD5.m */ = {isa = PBXFileReference; fileEncoding = 4; lastKnownFileType = sourcecode.c.objc; path = "NSString+MD5.m"; sourceTree = "<group>"; };
		4E305A2F18B375A100ACDEB5 /* NSString+Category.h */ = {isa = PBXFileReference; fileEncoding = 4; lastKnownFileType = sourcecode.c.h; path = "NSString+Category.h"; sourceTree = "<group>"; };
		4E305A3018B375A200ACDEB5 /* NSString+Category.m */ = {isa = PBXFileReference; fileEncoding = 4; lastKnownFileType = sourcecode.c.objc; path = "NSString+Category.m"; sourceTree = "<group>"; };
		4E44FF3F18B236100066B9E9 /* UIColor+UIImage.h */ = {isa = PBXFileReference; fileEncoding = 4; lastKnownFileType = sourcecode.c.h; path = "UIColor+UIImage.h"; sourceTree = "<group>"; };
		4E44FF4018B236100066B9E9 /* UIColor+UIImage.m */ = {isa = PBXFileReference; fileEncoding = 4; lastKnownFileType = sourcecode.c.objc; path = "UIColor+UIImage.m"; sourceTree = "<group>"; };
		4E44FF7818B2481F0066B9E9 /* CoreMotion.framework */ = {isa = PBXFileReference; lastKnownFileType = wrapper.framework; name = CoreMotion.framework; path = System/Library/Frameworks/CoreMotion.framework; sourceTree = SDKROOT; };
		4E44FF7C18B24C750066B9E9 /* UIViewController+Shake.h */ = {isa = PBXFileReference; fileEncoding = 4; lastKnownFileType = sourcecode.c.h; path = "UIViewController+Shake.h"; sourceTree = "<group>"; };
		4E44FF7D18B24C750066B9E9 /* UIViewController+Shake.m */ = {isa = PBXFileReference; fileEncoding = 4; lastKnownFileType = sourcecode.c.objc; path = "UIViewController+Shake.m"; sourceTree = "<group>"; };
		4E44FF8118B250F50066B9E9 /* NavBackButton.png */ = {isa = PBXFileReference; lastKnownFileType = image.png; path = NavBackButton.png; sourceTree = "<group>"; };
		4E44FF8218B250F50066B9E9 /* NavBackButton@2x.png */ = {isa = PBXFileReference; lastKnownFileType = image.png; path = "NavBackButton@2x.png"; sourceTree = "<group>"; };
		4E44FF8318B250F50066B9E9 /* NavBackButtonPressed@2x.png */ = {isa = PBXFileReference; lastKnownFileType = image.png; path = "NavBackButtonPressed@2x.png"; sourceTree = "<group>"; };
		4E44FF8418B250F50066B9E9 /* NavBar.png */ = {isa = PBXFileReference; lastKnownFileType = image.png; path = NavBar.png; sourceTree = "<group>"; };
		4E44FF8518B250F50066B9E9 /* NavBar64.png */ = {isa = PBXFileReference; lastKnownFileType = image.png; path = NavBar64.png; sourceTree = "<group>"; };
		4E44FF8618B250F50066B9E9 /* NavBar64@2x.png */ = {isa = PBXFileReference; lastKnownFileType = image.png; path = "NavBar64@2x.png"; sourceTree = "<group>"; };
		4E44FF8718B250F50066B9E9 /* NavBar@2x.png */ = {isa = PBXFileReference; lastKnownFileType = image.png; path = "NavBar@2x.png"; sourceTree = "<group>"; };
		4E44FF8818B250F50066B9E9 /* NavBarLogo.png */ = {isa = PBXFileReference; lastKnownFileType = image.png; path = NavBarLogo.png; sourceTree = "<group>"; };
		4E44FF8918B250F50066B9E9 /* NavBarLogo@2x.png */ = {isa = PBXFileReference; lastKnownFileType = image.png; path = "NavBarLogo@2x.png"; sourceTree = "<group>"; };
		4E44FF8A18B250F50066B9E9 /* NavButton@2x.png */ = {isa = PBXFileReference; lastKnownFileType = image.png; path = "NavButton@2x.png"; sourceTree = "<group>"; };
		4E44FF8B18B250F50066B9E9 /* NavButtonPressed@2x.png */ = {isa = PBXFileReference; lastKnownFileType = image.png; path = "NavButtonPressed@2x.png"; sourceTree = "<group>"; };
		4E44FF8C18B250F50066B9E9 /* NavButtonRefresh.png */ = {isa = PBXFileReference; lastKnownFileType = image.png; path = NavButtonRefresh.png; sourceTree = "<group>"; };
		4E44FF8D18B250F50066B9E9 /* NavButtonRefresh@2x.png */ = {isa = PBXFileReference; lastKnownFileType = image.png; path = "NavButtonRefresh@2x.png"; sourceTree = "<group>"; };
		4E44FF8F18B250F50066B9E9 /* tab_icon1.png */ = {isa = PBXFileReference; lastKnownFileType = image.png; path = tab_icon1.png; sourceTree = "<group>"; };
		4E44FF9018B250F50066B9E9 /* tab_icon1@2x.png */ = {isa = PBXFileReference; lastKnownFileType = image.png; path = "tab_icon1@2x.png"; sourceTree = "<group>"; };
		4E44FF9118B250F50066B9E9 /* tab_icon1_Press.png */ = {isa = PBXFileReference; lastKnownFileType = image.png; path = tab_icon1_Press.png; sourceTree = "<group>"; };
		4E44FF9218B250F50066B9E9 /* tab_icon1_Press@2x.png */ = {isa = PBXFileReference; lastKnownFileType = image.png; path = "tab_icon1_Press@2x.png"; sourceTree = "<group>"; };
		4E44FF9318B250F50066B9E9 /* tab_icon2.png */ = {isa = PBXFileReference; lastKnownFileType = image.png; path = tab_icon2.png; sourceTree = "<group>"; };
		4E44FF9418B250F50066B9E9 /* tab_icon2@2x.png */ = {isa = PBXFileReference; lastKnownFileType = image.png; path = "tab_icon2@2x.png"; sourceTree = "<group>"; };
		4E44FF9518B250F50066B9E9 /* tab_icon2_Press.png */ = {isa = PBXFileReference; lastKnownFileType = image.png; path = tab_icon2_Press.png; sourceTree = "<group>"; };
		4E44FF9618B250F50066B9E9 /* tab_icon2_Press@2x.png */ = {isa = PBXFileReference; lastKnownFileType = image.png; path = "tab_icon2_Press@2x.png"; sourceTree = "<group>"; };
		4E44FF9718B250F50066B9E9 /* tab_icon3.png */ = {isa = PBXFileReference; lastKnownFileType = image.png; path = tab_icon3.png; sourceTree = "<group>"; };
		4E44FF9818B250F50066B9E9 /* tab_icon3@2x.png */ = {isa = PBXFileReference; lastKnownFileType = image.png; path = "tab_icon3@2x.png"; sourceTree = "<group>"; };
		4E44FF9918B250F50066B9E9 /* tab_icon3_Press.png */ = {isa = PBXFileReference; lastKnownFileType = image.png; path = tab_icon3_Press.png; sourceTree = "<group>"; };
		4E44FF9A18B250F50066B9E9 /* tab_icon3_Press@2x.png */ = {isa = PBXFileReference; lastKnownFileType = image.png; path = "tab_icon3_Press@2x.png"; sourceTree = "<group>"; };
		4E44FF9B18B250F50066B9E9 /* tab_icon4.png */ = {isa = PBXFileReference; lastKnownFileType = image.png; path = tab_icon4.png; sourceTree = "<group>"; };
		4E44FF9C18B250F50066B9E9 /* tab_icon4@2x.png */ = {isa = PBXFileReference; lastKnownFileType = image.png; path = "tab_icon4@2x.png"; sourceTree = "<group>"; };
		4E44FF9D18B250F50066B9E9 /* tab_icon4_Press.png */ = {isa = PBXFileReference; lastKnownFileType = image.png; path = tab_icon4_Press.png; sourceTree = "<group>"; };
		4E44FF9E18B250F50066B9E9 /* tab_icon4_Press@2x.png */ = {isa = PBXFileReference; lastKnownFileType = image.png; path = "tab_icon4_Press@2x.png"; sourceTree = "<group>"; };
		4E44FF9F18B250F50066B9E9 /* tab_icon5.png */ = {isa = PBXFileReference; lastKnownFileType = image.png; path = tab_icon5.png; sourceTree = "<group>"; };
		4E44FFA018B250F50066B9E9 /* tab_icon5@2x.png */ = {isa = PBXFileReference; lastKnownFileType = image.png; path = "tab_icon5@2x.png"; sourceTree = "<group>"; };
		4E44FFA118B250F50066B9E9 /* tab_icon5_Press.png */ = {isa = PBXFileReference; lastKnownFileType = image.png; path = tab_icon5_Press.png; sourceTree = "<group>"; };
		4E44FFA218B250F50066B9E9 /* tab_icon5_Press@2x.png */ = {isa = PBXFileReference; lastKnownFileType = image.png; path = "tab_icon5_Press@2x.png"; sourceTree = "<group>"; };
		4E680EF918C8C95300D23325 /* View_iPad */ = {isa = PBXFileReference; fileEncoding = 4; lastKnownFileType = text; path = View_iPad; sourceTree = "<group>"; };
		4E680EFB18C8C95300D23325 /* View_iPhone */ = {isa = PBXFileReference; fileEncoding = 4; lastKnownFileType = text; path = View_iPhone; sourceTree = "<group>"; };
		4E680F1C18C8D44000D23325 /* MoreInterfaceTableItem.plist */ = {isa = PBXFileReference; fileEncoding = 4; lastKnownFileType = text.plist.xml; path = MoreInterfaceTableItem.plist; sourceTree = "<group>"; };
		4E73D88718EAC3DB005D5663 /* GYJSONUtility.h */ = {isa = PBXFileReference; fileEncoding = 4; lastKnownFileType = sourcecode.c.h; path = GYJSONUtility.h; sourceTree = "<group>"; };
		4E73D88818EAC3DB005D5663 /* GYJSONUtility.m */ = {isa = PBXFileReference; fileEncoding = 4; lastKnownFileType = sourcecode.c.objc; path = GYJSONUtility.m; sourceTree = "<group>"; };
		4E73D88E18EAC554005D5663 /* XMLDictionary.h */ = {isa = PBXFileReference; fileEncoding = 4; lastKnownFileType = sourcecode.c.h; path = XMLDictionary.h; sourceTree = "<group>"; };
		4E73D88F18EAC554005D5663 /* XMLDictionary.m */ = {isa = PBXFileReference; fileEncoding = 4; lastKnownFileType = sourcecode.c.objc; path = XMLDictionary.m; sourceTree = "<group>"; };
		4E73D89118EAC57A005D5663 /* GYResolveDataUtility.h */ = {isa = PBXFileReference; fileEncoding = 4; lastKnownFileType = sourcecode.c.h; path = GYResolveDataUtility.h; sourceTree = "<group>"; };
		4E73D89218EAC57A005D5663 /* GYResolveDataUtility.m */ = {isa = PBXFileReference; fileEncoding = 4; lastKnownFileType = sourcecode.c.objc; path = GYResolveDataUtility.m; sourceTree = "<group>"; };
		4E84118318E409B100A7C36D /* NSObject+GYBlockTimer.h */ = {isa = PBXFileReference; fileEncoding = 4; lastKnownFileType = sourcecode.c.h; path = "NSObject+GYBlockTimer.h"; sourceTree = "<group>"; };
		4E84118418E409B100A7C36D /* NSObject+GYBlockTimer.m */ = {isa = PBXFileReference; fileEncoding = 4; lastKnownFileType = sourcecode.c.objc; path = "NSObject+GYBlockTimer.m"; sourceTree = "<group>"; };
		4E89AE5F18DCAC0400C4DD7B /* APIRespondCode.plist */ = {isa = PBXFileReference; fileEncoding = 4; lastKnownFileType = text.plist.xml; path = APIRespondCode.plist; sourceTree = "<group>"; };
		4EAC94A718E56BEB00E15684 /* AppDelegate+MMDrawer.h */ = {isa = PBXFileReference; fileEncoding = 4; lastKnownFileType = sourcecode.c.h; path = "AppDelegate+MMDrawer.h"; sourceTree = "<group>"; };
		4EAC94A818E56BEB00E15684 /* AppDelegate+MMDrawer.m */ = {isa = PBXFileReference; fileEncoding = 4; lastKnownFileType = sourcecode.c.objc; path = "AppDelegate+MMDrawer.m"; sourceTree = "<group>"; };
		4EB771B818891FFD00EBF933 /* Model */ = {isa = PBXFileReference; fileEncoding = 4; lastKnownFileType = text; path = Model; sourceTree = "<group>"; };
		4EBA8B7D187649AA0009991E /* UIView+Utils.h */ = {isa = PBXFileReference; fileEncoding = 4; lastKnownFileType = sourcecode.c.h; path = "UIView+Utils.h"; sourceTree = "<group>"; };
		4EBA8B7E187649AA0009991E /* UIView+Utils.m */ = {isa = PBXFileReference; fileEncoding = 4; lastKnownFileType = sourcecode.c.objc; path = "UIView+Utils.m"; sourceTree = "<group>"; };
		4EBA8B80187649DD0009991E /* CategoryManager.h */ = {isa = PBXFileReference; lastKnownFileType = sourcecode.c.h; path = CategoryManager.h; sourceTree = "<group>"; };
		4EBA8B8418764D790009991E /* AFAppDotNetAPIClient.h */ = {isa = PBXFileReference; fileEncoding = 4; lastKnownFileType = sourcecode.c.h; path = AFAppDotNetAPIClient.h; sourceTree = "<group>"; };
		4EBA8B8518764D790009991E /* AFAppDotNetAPIClient.m */ = {isa = PBXFileReference; fileEncoding = 4; lastKnownFileType = sourcecode.c.objc; path = AFAppDotNetAPIClient.m; sourceTree = "<group>"; };
		4EBA8B8718764DE10009991E /* HelperManager.h */ = {isa = PBXFileReference; lastKnownFileType = sourcecode.c.h; path = HelperManager.h; sourceTree = "<group>"; };
		4EBA8B8D187652050009991E /* ToolsManager.h */ = {isa = PBXFileReference; lastKnownFileType = sourcecode.c.h; path = ToolsManager.h; sourceTree = "<group>"; };
		4EBA8B971876633D0009991E /* UIDevice+SystemInfo.h */ = {isa = PBXFileReference; fileEncoding = 4; lastKnownFileType = sourcecode.c.h; path = "UIDevice+SystemInfo.h"; sourceTree = "<group>"; };
		4EBA8B981876633D0009991E /* UIDevice+SystemInfo.m */ = {isa = PBXFileReference; fileEncoding = 4; lastKnownFileType = sourcecode.c.objc; path = "UIDevice+SystemInfo.m"; sourceTree = "<group>"; };
		4ED193D3187100FC00F643DC /* Jccp.app */ = {isa = PBXFileReference; explicitFileType = wrapper.application; includeInIndex = 0; path = Jccp.app; sourceTree = BUILT_PRODUCTS_DIR; };
		4ED193D6187100FC00F643DC /* Foundation.framework */ = {isa = PBXFileReference; lastKnownFileType = wrapper.framework; name = Foundation.framework; path = System/Library/Frameworks/Foundation.framework; sourceTree = SDKROOT; };
		4ED193D8187100FC00F643DC /* CoreGraphics.framework */ = {isa = PBXFileReference; lastKnownFileType = wrapper.framework; name = CoreGraphics.framework; path = System/Library/Frameworks/CoreGraphics.framework; sourceTree = SDKROOT; };
		4ED193DA187100FC00F643DC /* UIKit.framework */ = {isa = PBXFileReference; lastKnownFileType = wrapper.framework; name = UIKit.framework; path = System/Library/Frameworks/UIKit.framework; sourceTree = SDKROOT; };
		4ED193DE187100FD00F643DC /* Jccp-Info.plist */ = {isa = PBXFileReference; lastKnownFileType = text.plist.xml; path = "Jccp-Info.plist"; sourceTree = "<group>"; };
		4ED193E2187100FD00F643DC /* main.m */ = {isa = PBXFileReference; lastKnownFileType = sourcecode.c.objc; path = main.m; sourceTree = "<group>"; };
		4ED193E4187100FD00F643DC /* Jccp-Prefix.pch */ = {isa = PBXFileReference; lastKnownFileType = sourcecode.c.h; path = "Jccp-Prefix.pch"; sourceTree = "<group>"; };
		4ED193E5187100FD00F643DC /* AppDelegate.h */ = {isa = PBXFileReference; lastKnownFileType = sourcecode.c.h; path = AppDelegate.h; sourceTree = "<group>"; };
		4ED193E6187100FD00F643DC /* AppDelegate.m */ = {isa = PBXFileReference; lastKnownFileType = sourcecode.c.objc; path = AppDelegate.m; sourceTree = "<group>"; };
		4ED193F1187100FD00F643DC /* Images.xcassets */ = {isa = PBXFileReference; lastKnownFileType = folder.assetcatalog; path = Images.xcassets; sourceTree = "<group>"; };
		4ED193F7187100FD00F643DC /* JccpTests.xctest */ = {isa = PBXFileReference; explicitFileType = wrapper.cfbundle; includeInIndex = 0; path = JccpTests.xctest; sourceTree = BUILT_PRODUCTS_DIR; };
		4ED193F8187100FD00F643DC /* XCTest.framework */ = {isa = PBXFileReference; lastKnownFileType = wrapper.framework; name = XCTest.framework; path = Library/Frameworks/XCTest.framework; sourceTree = DEVELOPER_DIR; };
		4ED19400187100FD00F643DC /* JccpTests-Info.plist */ = {isa = PBXFileReference; lastKnownFileType = text.plist.xml; path = "JccpTests-Info.plist"; sourceTree = "<group>"; };
		4ED19404187100FD00F643DC /* JccpTests.m */ = {isa = PBXFileReference; lastKnownFileType = sourcecode.c.objc; path = JccpTests.m; sourceTree = "<group>"; };
		4ED43C9018D4415E003D56F1 /* UIDevice+UDID.h */ = {isa = PBXFileReference; fileEncoding = 4; lastKnownFileType = sourcecode.c.h; path = "UIDevice+UDID.h"; sourceTree = "<group>"; };
		4ED43C9118D4415E003D56F1 /* UIDevice+UDID.m */ = {isa = PBXFileReference; fileEncoding = 4; lastKnownFileType = sourcecode.c.objc; path = "UIDevice+UDID.m"; sourceTree = "<group>"; };
		4EE87E8018EE5D4300CE4A22 /* GYHTTPNetWorkManager.h */ = {isa = PBXFileReference; fileEncoding = 4; lastKnownFileType = sourcecode.c.h; path = GYHTTPNetWorkManager.h; sourceTree = "<group>"; };
		4EE87E8118EE5D4300CE4A22 /* GYHTTPNetWorkManager.m */ = {isa = PBXFileReference; fileEncoding = 4; lastKnownFileType = sourcecode.c.objc; path = GYHTTPNetWorkManager.m; sourceTree = "<group>"; };
		4EF2107618769A0000D8634F /* APIConfigMacro.h */ = {isa = PBXFileReference; fileEncoding = 4; lastKnownFileType = sourcecode.c.h; path = APIConfigMacro.h; sourceTree = "<group>"; };
		4EF2107718769A0000D8634F /* APIRequestMacro.h */ = {isa = PBXFileReference; fileEncoding = 4; lastKnownFileType = sourcecode.c.h; path = APIRequestMacro.h; sourceTree = "<group>"; };
		4EF2107818769A0000D8634F /* AppConfigMacro.h */ = {isa = PBXFileReference; fileEncoding = 4; lastKnownFileType = sourcecode.c.h; path = AppConfigMacro.h; sourceTree = "<group>"; };
		4EF2107918769A0000D8634F /* ColorMacro.h */ = {isa = PBXFileReference; fileEncoding = 4; lastKnownFileType = sourcecode.c.h; path = ColorMacro.h; sourceTree = "<group>"; };
		4EF2107A18769A0000D8634F /* FontMacro.h */ = {isa = PBXFileReference; fileEncoding = 4; lastKnownFileType = sourcecode.c.h; path = FontMacro.h; sourceTree = "<group>"; };
		4EF2107B18769A0000D8634F /* GCDMacro.h */ = {isa = PBXFileReference; fileEncoding = 4; lastKnownFileType = sourcecode.c.h; path = GCDMacro.h; sourceTree = "<group>"; };
		4EF2107C18769A0000D8634F /* ImageMacro.h */ = {isa = PBXFileReference; fileEncoding = 4; lastKnownFileType = sourcecode.c.h; path = ImageMacro.h; sourceTree = "<group>"; };
		4EF2107D18769A0000D8634F /* LogMacro.h */ = {isa = PBXFileReference; fileEncoding = 4; lastKnownFileType = sourcecode.c.h; path = LogMacro.h; sourceTree = "<group>"; };
		4EF2107E18769A0000D8634F /* ShorthandMethodMacro.h */ = {isa = PBXFileReference; fileEncoding = 4; lastKnownFileType = sourcecode.c.h; path = ShorthandMethodMacro.h; sourceTree = "<group>"; };
		4EF2107F18769A0000D8634F /* SingletonMacro.h */ = {isa = PBXFileReference; fileEncoding = 4; lastKnownFileType = sourcecode.c.h; path = SingletonMacro.h; sourceTree = "<group>"; };
		4EF2108018769A0000D8634F /* MacroFilesManager.h */ = {isa = PBXFileReference; fileEncoding = 4; lastKnownFileType = sourcecode.c.h; path = MacroFilesManager.h; sourceTree = "<group>"; };
		4EF2108418769ABB00D8634F /* digital-7.ttf */ = {isa = PBXFileReference; lastKnownFileType = file; path = "digital-7.ttf"; sourceTree = "<group>"; };
		4EF2108F18769C6C00D8634F /* en */ = {isa = PBXFileReference; lastKnownFileType = text.plist.strings; name = en; path = en.lproj/InfoPlist.strings; sourceTree = "<group>"; };
		4EF2109318769C9700D8634F /* zh-Hans */ = {isa = PBXFileReference; lastKnownFileType = text.plist.strings; name = "zh-Hans"; path = "zh-Hans.lproj/InfoPlist.strings"; sourceTree = "<group>"; };
		4EF2109518769C9D00D8634F /* en */ = {isa = PBXFileReference; lastKnownFileType = text.plist.strings; name = en; path = en.lproj/Localizable.strings; sourceTree = "<group>"; };
		4EF2109718769CA000D8634F /* zh-Hans */ = {isa = PBXFileReference; lastKnownFileType = text.plist.strings; name = "zh-Hans"; path = "zh-Hans.lproj/Localizable.strings"; sourceTree = "<group>"; };
		4EF210991876A00B00D8634F /* read */ = {isa = PBXFileReference; fileEncoding = 4; lastKnownFileType = text; path = read; sourceTree = "<group>"; };
		4EFF266D18DD5F730058C193 /* GYRespondCodeUtility.h */ = {isa = PBXFileReference; fileEncoding = 4; lastKnownFileType = sourcecode.c.h; path = GYRespondCodeUtility.h; sourceTree = "<group>"; };
		4EFF266E18DD5F730058C193 /* GYRespondCodeUtility.m */ = {isa = PBXFileReference; fileEncoding = 4; lastKnownFileType = sourcecode.c.objc; path = GYRespondCodeUtility.m; sourceTree = "<group>"; };
		5B1710CFFD3D482A9842F83A /* Pods.xcconfig */ = {isa = PBXFileReference; includeInIndex = 1; lastKnownFileType = text.xcconfig; name = Pods.xcconfig; path = Pods/Pods.xcconfig; sourceTree = "<group>"; };
		AFF1817C270646BE98E53A43 /* libPods.a */ = {isa = PBXFileReference; explicitFileType = archive.ar; includeInIndex = 0; path = libPods.a; sourceTree = BUILT_PRODUCTS_DIR; };
/* End PBXFileReference section */

/* Begin PBXFrameworksBuildPhase section */
		4ED193D0187100FC00F643DC /* Frameworks */ = {
			isa = PBXFrameworksBuildPhase;
			buildActionMask = 2147483647;
			files = (
				4E0A0FE818DAE5FE004082C6 /* QuartzCore.framework in Frameworks */,
				4E0A0FE618DAE5F5004082C6 /* CFNetwork.framework in Frameworks */,
				4ED193D9187100FC00F643DC /* CoreGraphics.framework in Frameworks */,
				4ED193DB187100FC00F643DC /* UIKit.framework in Frameworks */,
				4E0A0FE418DAE5E1004082C6 /* Reveal.framework in Frameworks */,
				4ED193D7187100FC00F643DC /* Foundation.framework in Frameworks */,
				6C52E88063E84A07A910691F /* libPods.a in Frameworks */,
			);
			runOnlyForDeploymentPostprocessing = 0;
		};
		4ED193F4187100FD00F643DC /* Frameworks */ = {
			isa = PBXFrameworksBuildPhase;
			buildActionMask = 2147483647;
			files = (
				4ED193F9187100FD00F643DC /* XCTest.framework in Frameworks */,
				4ED193FB187100FD00F643DC /* UIKit.framework in Frameworks */,
				4ED193FA187100FD00F643DC /* Foundation.framework in Frameworks */,
			);
			runOnlyForDeploymentPostprocessing = 0;
		};
/* End PBXFrameworksBuildPhase section */

/* Begin PBXGroup section */
		4E0A0F9E18DAD586004082C6 /* AppDelegate+Category */ = {
			isa = PBXGroup;
			children = (
				4E0A0F9F18DAD586004082C6 /* AppDelegate+Push.h */,
				4E0A0FA018DAD586004082C6 /* AppDelegate+Push.m */,
				4EAC94A718E56BEB00E15684 /* AppDelegate+MMDrawer.h */,
				4EAC94A818E56BEB00E15684 /* AppDelegate+MMDrawer.m */,
			);
			path = "AppDelegate+Category";
			sourceTree = "<group>";
		};
		4E0F8A84187686A7002C2DD6 /* PodsHelper */ = {
			isa = PBXGroup;
			children = (
				4E0F8A85187686C9002C2DD6 /* PodsHeaderManager.h */,
			);
			path = PodsHelper;
			sourceTree = "<group>";
		};
		4E0F8A8618768E74002C2DD6 /* ExceptionHelper */ = {
			isa = PBXGroup;
			children = (
				4E0A0F8718DAA1B5004082C6 /* GYUncaughtExceptionHandler.h */,
				4E0A0F8818DAA1B5004082C6 /* GYUncaughtExceptionHandler.m */,
			);
			path = ExceptionHelper;
			sourceTree = "<group>";
		};
		4E305A2518B3742C00ACDEB5 /* NSString+Category */ = {
			isa = PBXGroup;
			children = (
				4E305A2618B3744000ACDEB5 /* NSString+LotteryNameCode.h */,
				4E305A2718B3744000ACDEB5 /* NSString+LotteryNameCode.m */,
				4E305A2918B3752100ACDEB5 /* NSString+JSONCategory.h */,
				4E305A2A18B3752100ACDEB5 /* NSString+JSONCategory.m */,
				4E305A2C18B3754600ACDEB5 /* NSString+MD5.h */,
				4E305A2D18B3754600ACDEB5 /* NSString+MD5.m */,
				4E305A2F18B375A100ACDEB5 /* NSString+Category.h */,
				4E305A3018B375A200ACDEB5 /* NSString+Category.m */,
			);
			path = "NSString+Category";
			sourceTree = "<group>";
		};
		4E44FF3618B233430066B9E9 /* Controller */ = {
			isa = PBXGroup;
			children = (
				4E44FF3718B233660066B9E9 /* UITabBarController */,
				4E680EFE18C8CA4A00D23325 /* GameHall */,
				4E680F0218C8CA4A00D23325 /* UserInterface */,
				4E680F0118C8CA4A00D23325 /* OpenPrizeInfo */,
				4E680F0018C8CA4A00D23325 /* NewsInfo */,
				4E680EFF18C8CA4A00D23325 /* MoreInterface */,
			);
			path = Controller;
			sourceTree = "<group>";
		};
		4E44FF3718B233660066B9E9 /* UITabBarController */ = {
			isa = PBXGroup;
			children = (
				4E44FF4318B237B20066B9E9 /* UITabBarItem */,
				4E0A0F6518DA9902004082C6 /* GYAppTabBarController.h */,
				4E0A0F6618DA9902004082C6 /* GYAppTabBarController.m */,
			);
			path = UITabBarController;
			sourceTree = "<group>";
		};
		4E44FF3818B234520066B9E9 /* AppHelper */ = {
			isa = PBXGroup;
			children = (
				4E0A0F8418DA9CF0004082C6 /* GYAppDelegateHelper.h */,
				4E0A0F8518DA9CF0004082C6 /* GYAppDelegateHelper.m */,
			);
			path = AppHelper;
			sourceTree = "<group>";
		};
		4E44FF3C18B236100066B9E9 /* UIColor+Category */ = {
			isa = PBXGroup;
			children = (
				4E44FF3F18B236100066B9E9 /* UIColor+UIImage.h */,
				4E44FF4018B236100066B9E9 /* UIColor+UIImage.m */,
			);
			path = "UIColor+Category";
			sourceTree = "<group>";
		};
		4E44FF4318B237B20066B9E9 /* UITabBarItem */ = {
			isa = PBXGroup;
			children = (
				4E0A0F5C18DA9836004082C6 /* GYAppTabBarItem.h */,
				4E0A0F5D18DA9836004082C6 /* GYAppTabBarItem.m */,
			);
			path = UITabBarItem;
			sourceTree = "<group>";
		};
		4E44FF7B18B24C4C0066B9E9 /* UIViewController+Category */ = {
			isa = PBXGroup;
			children = (
				4E44FF7C18B24C750066B9E9 /* UIViewController+Shake.h */,
				4E44FF7D18B24C750066B9E9 /* UIViewController+Shake.m */,
			);
			path = "UIViewController+Category";
			sourceTree = "<group>";
		};
		4E44FF7F18B250F50066B9E9 /* iPhone_Image */ = {
			isa = PBXGroup;
			children = (
				4E44FF8018B250F50066B9E9 /* iPhone_NavBar */,
				4E44FF8E18B250F50066B9E9 /* iPhone_TabBar */,
			);
			path = iPhone_Image;
			sourceTree = "<group>";
		};
		4E44FF8018B250F50066B9E9 /* iPhone_NavBar */ = {
			isa = PBXGroup;
			children = (
				4E44FF8118B250F50066B9E9 /* NavBackButton.png */,
				4E44FF8218B250F50066B9E9 /* NavBackButton@2x.png */,
				4E44FF8318B250F50066B9E9 /* NavBackButtonPressed@2x.png */,
				4E44FF8418B250F50066B9E9 /* NavBar.png */,
				4E44FF8518B250F50066B9E9 /* NavBar64.png */,
				4E44FF8618B250F50066B9E9 /* NavBar64@2x.png */,
				4E44FF8718B250F50066B9E9 /* NavBar@2x.png */,
				4E44FF8818B250F50066B9E9 /* NavBarLogo.png */,
				4E44FF8918B250F50066B9E9 /* NavBarLogo@2x.png */,
				4E44FF8A18B250F50066B9E9 /* NavButton@2x.png */,
				4E44FF8B18B250F50066B9E9 /* NavButtonPressed@2x.png */,
				4E44FF8C18B250F50066B9E9 /* NavButtonRefresh.png */,
				4E44FF8D18B250F50066B9E9 /* NavButtonRefresh@2x.png */,
			);
			path = iPhone_NavBar;
			sourceTree = "<group>";
		};
		4E44FF8E18B250F50066B9E9 /* iPhone_TabBar */ = {
			isa = PBXGroup;
			children = (
				4E44FF8F18B250F50066B9E9 /* tab_icon1.png */,
				4E44FF9018B250F50066B9E9 /* tab_icon1@2x.png */,
				4E44FF9118B250F50066B9E9 /* tab_icon1_Press.png */,
				4E44FF9218B250F50066B9E9 /* tab_icon1_Press@2x.png */,
				4E44FF9318B250F50066B9E9 /* tab_icon2.png */,
				4E44FF9418B250F50066B9E9 /* tab_icon2@2x.png */,
				4E44FF9518B250F50066B9E9 /* tab_icon2_Press.png */,
				4E44FF9618B250F50066B9E9 /* tab_icon2_Press@2x.png */,
				4E44FF9718B250F50066B9E9 /* tab_icon3.png */,
				4E44FF9818B250F50066B9E9 /* tab_icon3@2x.png */,
				4E44FF9918B250F50066B9E9 /* tab_icon3_Press.png */,
				4E44FF9A18B250F50066B9E9 /* tab_icon3_Press@2x.png */,
				4E44FF9B18B250F50066B9E9 /* tab_icon4.png */,
				4E44FF9C18B250F50066B9E9 /* tab_icon4@2x.png */,
				4E44FF9D18B250F50066B9E9 /* tab_icon4_Press.png */,
				4E44FF9E18B250F50066B9E9 /* tab_icon4_Press@2x.png */,
				4E44FF9F18B250F50066B9E9 /* tab_icon5.png */,
				4E44FFA018B250F50066B9E9 /* tab_icon5@2x.png */,
				4E44FFA118B250F50066B9E9 /* tab_icon5_Press.png */,
				4E44FFA218B250F50066B9E9 /* tab_icon5_Press@2x.png */,
			);
			path = iPhone_TabBar;
			sourceTree = "<group>";
		};
		4E680EF718C8C95300D23325 /* UI */ = {
			isa = PBXGroup;
			children = (
				4E680EF818C8C95300D23325 /* View_iPad */,
				4E680EFA18C8C95300D23325 /* View_iPhone */,
			);
			path = UI;
			sourceTree = "<group>";
		};
		4E680EF818C8C95300D23325 /* View_iPad */ = {
			isa = PBXGroup;
			children = (
				4E680EF918C8C95300D23325 /* View_iPad */,
			);
			path = View_iPad;
			sourceTree = "<group>";
		};
		4E680EFA18C8C95300D23325 /* View_iPhone */ = {
			isa = PBXGroup;
			children = (
				4E680EFB18C8C95300D23325 /* View_iPhone */,
			);
			path = View_iPhone;
			sourceTree = "<group>";
		};
		4E680EFE18C8CA4A00D23325 /* GameHall */ = {
			isa = PBXGroup;
			children = (
				4E0A0F6818DA9A78004082C6 /* GYGameHallViewController.h */,
				4E0A0F6918DA9A78004082C6 /* GYGameHallViewController.m */,
				4E0A0F6A18DA9A78004082C6 /* GYGameHallViewController.xib */,
			);
			path = GameHall;
			sourceTree = "<group>";
		};
		4E680EFF18C8CA4A00D23325 /* MoreInterface */ = {
			isa = PBXGroup;
			children = (
				4E680F1C18C8D44000D23325 /* MoreInterfaceTableItem.plist */,
				4E0A0F7C18DA9B97004082C6 /* GYMoreInterfaceViewController.h */,
				4E0A0F7D18DA9B97004082C6 /* GYMoreInterfaceViewController.m */,
				4E0A0F7E18DA9B97004082C6 /* GYMoreInterfaceViewController.xib */,
			);
			path = MoreInterface;
			sourceTree = "<group>";
		};
		4E680F0018C8CA4A00D23325 /* NewsInfo */ = {
			isa = PBXGroup;
			children = (
				4E0A0F7718DA9B59004082C6 /* GYNewsInfoViewController.h */,
				4E0A0F7818DA9B59004082C6 /* GYNewsInfoViewController.m */,
				4E0A0F7918DA9B59004082C6 /* GYNewsInfoViewController.xib */,
			);
			path = NewsInfo;
			sourceTree = "<group>";
		};
		4E680F0118C8CA4A00D23325 /* OpenPrizeInfo */ = {
			isa = PBXGroup;
			children = (
				4E0A0F7218DA9B1B004082C6 /* GYOpenPrizeInfoViewController.h */,
				4E0A0F7318DA9B1B004082C6 /* GYOpenPrizeInfoViewController.m */,
				4E0A0F7418DA9B1B004082C6 /* GYOpenPrizeInfoViewController.xib */,
			);
			path = OpenPrizeInfo;
			sourceTree = "<group>";
		};
		4E680F0218C8CA4A00D23325 /* UserInterface */ = {
			isa = PBXGroup;
			children = (
				4E0A0F6D18DA9ACD004082C6 /* GYUserInterfaceViewController.h */,
				4E0A0F6E18DA9ACD004082C6 /* GYUserInterfaceViewController.m */,
				4E0A0F6F18DA9ACD004082C6 /* GYUserInterfaceViewController.xib */,
			);
			path = UserInterface;
			sourceTree = "<group>";
		};
		4E73D88518EAC3DB005D5663 /* ResolveData */ = {
			isa = PBXGroup;
			children = (
				4E73D88618EAC3DB005D5663 /* JSON */,
				4E73D88918EAC3DB005D5663 /* XML */,
				4E73D89118EAC57A005D5663 /* GYResolveDataUtility.h */,
				4E73D89218EAC57A005D5663 /* GYResolveDataUtility.m */,
			);
			path = ResolveData;
			sourceTree = "<group>";
		};
		4E73D88618EAC3DB005D5663 /* JSON */ = {
			isa = PBXGroup;
			children = (
				4E73D88718EAC3DB005D5663 /* GYJSONUtility.h */,
				4E73D88818EAC3DB005D5663 /* GYJSONUtility.m */,
			);
			path = JSON;
			sourceTree = "<group>";
		};
		4E73D88918EAC3DB005D5663 /* XML */ = {
			isa = PBXGroup;
			children = (
				4E73D88E18EAC554005D5663 /* XMLDictionary.h */,
				4E73D88F18EAC554005D5663 /* XMLDictionary.m */,
			);
			path = XML;
			sourceTree = "<group>";
		};
		4E84118218E4098A00A7C36D /* NSObject+Category */ = {
			isa = PBXGroup;
			children = (
				4E84118318E409B100A7C36D /* NSObject+GYBlockTimer.h */,
				4E84118418E409B100A7C36D /* NSObject+GYBlockTimer.m */,
			);
			path = "NSObject+Category";
			sourceTree = "<group>";
		};
		4E89AE5E18DCAC0400C4DD7B /* RespondCode */ = {
			isa = PBXGroup;
			children = (
				4EFF266D18DD5F730058C193 /* GYRespondCodeUtility.h */,
				4EFF266E18DD5F730058C193 /* GYRespondCodeUtility.m */,
				4E89AE5F18DCAC0400C4DD7B /* APIRespondCode.plist */,
			);
			path = RespondCode;
			sourceTree = "<group>";
		};
		4EBA8B7A187649AA0009991E /* Categories */ = {
			isa = PBXGroup;
			children = (
				4EBA8B7B187649AA0009991E /* CategoryFiles */,
				4EBA8B80187649DD0009991E /* CategoryManager.h */,
			);
			path = Categories;
			sourceTree = "<group>";
		};
		4EBA8B7B187649AA0009991E /* CategoryFiles */ = {
			isa = PBXGroup;
			children = (
				4E84118218E4098A00A7C36D /* NSObject+Category */,
				4E0A0F9E18DAD586004082C6 /* AppDelegate+Category */,
				4E305A2518B3742C00ACDEB5 /* NSString+Category */,
				4E44FF7B18B24C4C0066B9E9 /* UIViewController+Category */,
				4E44FF3C18B236100066B9E9 /* UIColor+Category */,
				4EBA8B961876633D0009991E /* UIDevice+Category */,
				4EBA8B7C187649AA0009991E /* UIView+Category */,
			);
			path = CategoryFiles;
			sourceTree = "<group>";
		};
		4EBA8B7C187649AA0009991E /* UIView+Category */ = {
			isa = PBXGroup;
			children = (
				4EBA8B7D187649AA0009991E /* UIView+Utils.h */,
				4EBA8B7E187649AA0009991E /* UIView+Utils.m */,
			);
			path = "UIView+Category";
			sourceTree = "<group>";
		};
		4EBA8B8118764D790009991E /* Helpers */ = {
			isa = PBXGroup;
			children = (
				4E44FF3818B234520066B9E9 /* AppHelper */,
				4E0F8A8618768E74002C2DD6 /* ExceptionHelper */,
				4E0F8A84187686A7002C2DD6 /* PodsHelper */,
				4EBA8B8E187653190009991E /* GaryPersonalHelper */,
				4EBA8B8218764D790009991E /* NetWorkHelper */,
				4EBA8B8718764DE10009991E /* HelperManager.h */,
			);
			path = Helpers;
			sourceTree = "<group>";
		};
		4EBA8B8218764D790009991E /* NetWorkHelper */ = {
			isa = PBXGroup;
			children = (
				4EBA8B8318764D790009991E /* AFNetWorkHelper */,
			);
			path = NetWorkHelper;
			sourceTree = "<group>";
		};
		4EBA8B8318764D790009991E /* AFNetWorkHelper */ = {
			isa = PBXGroup;
			children = (
				4EBA8B8418764D790009991E /* AFAppDotNetAPIClient.h */,
				4EBA8B8518764D790009991E /* AFAppDotNetAPIClient.m */,
				4EE87E8018EE5D4300CE4A22 /* GYHTTPNetWorkManager.h */,
				4EE87E8118EE5D4300CE4A22 /* GYHTTPNetWorkManager.m */,
			);
			path = AFNetWorkHelper;
			sourceTree = "<group>";
		};
		4EBA8B881876517C0009991E /* Tools */ = {
			isa = PBXGroup;
			children = (
				4EBA8B89187651990009991E /* RegularVerify */,
				4EBA8B8D187652050009991E /* ToolsManager.h */,
			);
			path = Tools;
			sourceTree = "<group>";
		};
		4EBA8B89187651990009991E /* RegularVerify */ = {
			isa = PBXGroup;
			children = (
				4E0A0F8118DA9C93004082C6 /* GYRegularVerification.h */,
				4E0A0F8218DA9C93004082C6 /* GYRegularVerification.m */,
			);
			path = RegularVerify;
			sourceTree = "<group>";
		};
		4EBA8B8E187653190009991E /* GaryPersonalHelper */ = {
			isa = PBXGroup;
			children = (
				4E0A0F8A18DAA2AB004082C6 /* GYGaryPersonalLog.h */,
				4E0A0F8B18DAA2AB004082C6 /* GYGaryPersonalLog.m */,
			);
			path = GaryPersonalHelper;
			sourceTree = "<group>";
		};
		4EBA8B961876633D0009991E /* UIDevice+Category */ = {
			isa = PBXGroup;
			children = (
				4EBA8B971876633D0009991E /* UIDevice+SystemInfo.h */,
				4EBA8B981876633D0009991E /* UIDevice+SystemInfo.m */,
				4ED43C9018D4415E003D56F1 /* UIDevice+UDID.h */,
				4ED43C9118D4415E003D56F1 /* UIDevice+UDID.m */,
			);
			path = "UIDevice+Category";
			sourceTree = "<group>";
		};
		4EBB0AD918B440670034209E /* Utility */ = {
			isa = PBXGroup;
			children = (
				4E73D88518EAC3DB005D5663 /* ResolveData */,
				4E89AE5E18DCAC0400C4DD7B /* RespondCode */,
				4E28637918DD68510027F261 /* UtilityManager.h */,
			);
			path = Utility;
			sourceTree = "<group>";
		};
		4ED193CA187100FC00F643DC = {
			isa = PBXGroup;
			children = (
				4ED193DC187100FD00F643DC /* Jccp */,
				4EBA8B881876517C0009991E /* Tools */,
				4EF2107418769A0000D8634F /* Macros */,
				4EBA8B8118764D790009991E /* Helpers */,
				4EF2109818769FEB00D8634F /* Librarys */,
				4EF2108118769ABB00D8634F /* Resources */,
				4EBA8B7A187649AA0009991E /* Categories */,
				4ED193FE187100FD00F643DC /* JccpTests */,
				4ED193D5187100FC00F643DC /* Frameworks */,
				4ED193D4187100FC00F643DC /* Products */,
				5B1710CFFD3D482A9842F83A /* Pods.xcconfig */,
			);
			sourceTree = "<group>";
		};
		4ED193D4187100FC00F643DC /* Products */ = {
			isa = PBXGroup;
			children = (
				4ED193D3187100FC00F643DC /* Jccp.app */,
				4ED193F7187100FD00F643DC /* JccpTests.xctest */,
			);
			name = Products;
			sourceTree = "<group>";
		};
		4ED193D5187100FC00F643DC /* Frameworks */ = {
			isa = PBXGroup;
			children = (
				4E0A0FE718DAE5FE004082C6 /* QuartzCore.framework */,
				4E0A0FE518DAE5F5004082C6 /* CFNetwork.framework */,
				4E0A0FE318DAE5E1004082C6 /* Reveal.framework */,
				4E44FF7818B2481F0066B9E9 /* CoreMotion.framework */,
				4ED193D6187100FC00F643DC /* Foundation.framework */,
				4ED193D8187100FC00F643DC /* CoreGraphics.framework */,
				4ED193DA187100FC00F643DC /* UIKit.framework */,
				4ED193F8187100FD00F643DC /* XCTest.framework */,
				AFF1817C270646BE98E53A43 /* libPods.a */,
			);
			name = Frameworks;
			sourceTree = "<group>";
		};
		4ED193DC187100FD00F643DC /* Jccp */ = {
			isa = PBXGroup;
			children = (
				4EBB0AD918B440670034209E /* Utility */,
				4EF2109C1876A3ED00D8634F /* Model */,
				4E680EF718C8C95300D23325 /* UI */,
				4E44FF3618B233430066B9E9 /* Controller */,
				4ED193E5187100FD00F643DC /* AppDelegate.h */,
				4ED193E6187100FD00F643DC /* AppDelegate.m */,
				4ED193F1187100FD00F643DC /* Images.xcassets */,
				4ED193DD187100FD00F643DC /* Supporting Files */,
			);
			path = Jccp;
			sourceTree = "<group>";
		};
		4ED193DD187100FD00F643DC /* Supporting Files */ = {
			isa = PBXGroup;
			children = (
				4EF2108E18769C6C00D8634F /* InfoPlist.strings */,
				4ED193DE187100FD00F643DC /* Jccp-Info.plist */,
				4ED193E2187100FD00F643DC /* main.m */,
				4ED193E4187100FD00F643DC /* Jccp-Prefix.pch */,
				4EF2109618769C9D00D8634F /* Localizable.strings */,
			);
			name = "Supporting Files";
			sourceTree = "<group>";
		};
		4ED193FE187100FD00F643DC /* JccpTests */ = {
			isa = PBXGroup;
			children = (
				4ED19404187100FD00F643DC /* JccpTests.m */,
				4ED193FF187100FD00F643DC /* Supporting Files */,
			);
			path = JccpTests;
			sourceTree = "<group>";
		};
		4ED193FF187100FD00F643DC /* Supporting Files */ = {
			isa = PBXGroup;
			children = (
				4ED19400187100FD00F643DC /* JccpTests-Info.plist */,
			);
			name = "Supporting Files";
			sourceTree = "<group>";
		};
		4EF2107418769A0000D8634F /* Macros */ = {
			isa = PBXGroup;
			children = (
				4EF2107518769A0000D8634F /* MacroFiles */,
				4EF2108018769A0000D8634F /* MacroFilesManager.h */,
			);
			path = Macros;
			sourceTree = "<group>";
		};
		4EF2107518769A0000D8634F /* MacroFiles */ = {
			isa = PBXGroup;
			children = (
				4EF2107618769A0000D8634F /* APIConfigMacro.h */,
				4EF2107718769A0000D8634F /* APIRequestMacro.h */,
				4EF2107818769A0000D8634F /* AppConfigMacro.h */,
				4EF2107918769A0000D8634F /* ColorMacro.h */,
				4EF2107A18769A0000D8634F /* FontMacro.h */,
				4EF2107B18769A0000D8634F /* GCDMacro.h */,
				4EF2107C18769A0000D8634F /* ImageMacro.h */,
				4EF2107D18769A0000D8634F /* LogMacro.h */,
				4EF2107E18769A0000D8634F /* ShorthandMethodMacro.h */,
				4EF2107F18769A0000D8634F /* SingletonMacro.h */,
				4E305A2418B373BD00ACDEB5 /* LotteryNameCodeMacro.h */,
			);
			path = MacroFiles;
			sourceTree = "<group>";
		};
		4EF2108118769ABB00D8634F /* Resources */ = {
			isa = PBXGroup;
			children = (
				4E44FF7F18B250F50066B9E9 /* iPhone_Image */,
				4EF2108218769ABB00D8634F /* FontTTF */,
			);
			path = Resources;
			sourceTree = "<group>";
		};
		4EF2108218769ABB00D8634F /* FontTTF */ = {
			isa = PBXGroup;
			children = (
				4EF2108318769ABB00D8634F /* digital-7 */,
			);
			path = FontTTF;
			sourceTree = "<group>";
		};
		4EF2108318769ABB00D8634F /* digital-7 */ = {
			isa = PBXGroup;
			children = (
				4EF2108418769ABB00D8634F /* digital-7.ttf */,
			);
			path = "digital-7";
			sourceTree = "<group>";
		};
		4EF2109818769FEB00D8634F /* Librarys */ = {
			isa = PBXGroup;
			children = (
				4EF210991876A00B00D8634F /* read */,
			);
			path = Librarys;
			sourceTree = "<group>";
		};
		4EF2109C1876A3ED00D8634F /* Model */ = {
			isa = PBXGroup;
			children = (
				4EB771B818891FFD00EBF933 /* Model */,
			);
			path = Model;
			sourceTree = "<group>";
		};
/* End PBXGroup section */

/* Begin PBXNativeTarget section */
		4ED193D2187100FC00F643DC /* Jccp */ = {
			isa = PBXNativeTarget;
			buildConfigurationList = 4ED19408187100FD00F643DC /* Build configuration list for PBXNativeTarget "Jccp" */;
			buildPhases = (
				4EFD1AE2BFB54B998A2F3AAA /* Check Pods Manifest.lock */,
				4ED193CF187100FC00F643DC /* Sources */,
				4ED193D0187100FC00F643DC /* Frameworks */,
				4ED193D1187100FC00F643DC /* Resources */,
				8CF5E837957A42149953FEF8 /* Copy Pods Resources */,
			);
			buildRules = (
			);
			dependencies = (
			);
			name = Jccp;
			productName = Jccp;
			productReference = 4ED193D3187100FC00F643DC /* Jccp.app */;
			productType = "com.apple.product-type.application";
		};
		4ED193F6187100FD00F643DC /* JccpTests */ = {
			isa = PBXNativeTarget;
			buildConfigurationList = 4ED1940B187100FD00F643DC /* Build configuration list for PBXNativeTarget "JccpTests" */;
			buildPhases = (
				4ED193F3187100FD00F643DC /* Sources */,
				4ED193F4187100FD00F643DC /* Frameworks */,
				4ED193F5187100FD00F643DC /* Resources */,
			);
			buildRules = (
			);
			dependencies = (
				4ED193FD187100FD00F643DC /* PBXTargetDependency */,
			);
			name = JccpTests;
			productName = JccpTests;
			productReference = 4ED193F7187100FD00F643DC /* JccpTests.xctest */;
			productType = "com.apple.product-type.bundle.unit-test";
		};
/* End PBXNativeTarget section */

/* Begin PBXProject section */
		4ED193CB187100FC00F643DC /* Project object */ = {
			isa = PBXProject;
			attributes = {
				CLASSPREFIX = GY;
				LastUpgradeCheck = 0510;
				ORGANIZATIONNAME = "蒲晓涛";
				TargetAttributes = {
					4ED193D2187100FC00F643DC = {
						SystemCapabilities = {
							com.apple.BackgroundModes = {
								enabled = 1;
							};
						};
					};
					4ED193F6187100FD00F643DC = {
						TestTargetID = 4ED193D2187100FC00F643DC;
					};
				};
			};
			buildConfigurationList = 4ED193CE187100FC00F643DC /* Build configuration list for PBXProject "Jccp" */;
			compatibilityVersion = "Xcode 3.2";
			developmentRegion = English;
			hasScannedForEncodings = 0;
			knownRegions = (
				en,
				Base,
				"zh-Hans",
			);
			mainGroup = 4ED193CA187100FC00F643DC;
			productRefGroup = 4ED193D4187100FC00F643DC /* Products */;
			projectDirPath = "";
			projectRoot = "";
			targets = (
				4ED193D2187100FC00F643DC /* Jccp */,
				4ED193F6187100FD00F643DC /* JccpTests */,
			);
		};
/* End PBXProject section */

/* Begin PBXResourcesBuildPhase section */
		4ED193D1187100FC00F643DC /* Resources */ = {
			isa = PBXResourcesBuildPhase;
			buildActionMask = 2147483647;
			files = (
				4E44FFB518B250F50066B9E9 /* tab_icon2@2x.png in Resources */,
				4E44FFB318B250F50066B9E9 /* tab_icon1_Press@2x.png in Resources */,
				4E44FFC318B250F50066B9E9 /* tab_icon5_Press@2x.png in Resources */,
				4E44FFB018B250F50066B9E9 /* tab_icon1.png in Resources */,
				4E44FFAF18B250F50066B9E9 /* NavButtonRefresh@2x.png in Resources */,
				4E0A0F7B18DA9B59004082C6 /* GYNewsInfoViewController.xib in Resources */,
				4E44FFA818B250F50066B9E9 /* NavBar64@2x.png in Resources */,
				4E44FFAB18B250F50066B9E9 /* NavBarLogo@2x.png in Resources */,
				4E44FFAC18B250F50066B9E9 /* NavButton@2x.png in Resources */,
				4E44FFB618B250F50066B9E9 /* tab_icon2_Press.png in Resources */,
				4E44FFA318B250F50066B9E9 /* NavBackButton.png in Resources */,
				4E44FFAA18B250F50066B9E9 /* NavBarLogo.png in Resources */,
				4E0A0F7618DA9B1B004082C6 /* GYOpenPrizeInfoViewController.xib in Resources */,
				4E44FFBA18B250F50066B9E9 /* tab_icon3_Press.png in Resources */,
				4EF2109418769C9D00D8634F /* Localizable.strings in Resources */,
				4E0A0F8018DA9B97004082C6 /* GYMoreInterfaceViewController.xib in Resources */,
				4E44FFC018B250F50066B9E9 /* tab_icon5.png in Resources */,
				4E44FFB418B250F50066B9E9 /* tab_icon2.png in Resources */,
				4ED193F2187100FD00F643DC /* Images.xcassets in Resources */,
				4E44FFBE18B250F50066B9E9 /* tab_icon4_Press.png in Resources */,
				4E680F1D18C8D44000D23325 /* MoreInterfaceTableItem.plist in Resources */,
				4E44FFBC18B250F50066B9E9 /* tab_icon4.png in Resources */,
				4E680EFD18C8C95300D23325 /* View_iPhone in Resources */,
				4EF2109018769C6C00D8634F /* InfoPlist.strings in Resources */,
				4E680EFC18C8C95300D23325 /* View_iPad in Resources */,
				4E44FFA518B250F50066B9E9 /* NavBackButtonPressed@2x.png in Resources */,
				4E44FFA618B250F50066B9E9 /* NavBar.png in Resources */,
				4E44FFB818B250F50066B9E9 /* tab_icon3.png in Resources */,
				4EF2109A1876A00B00D8634F /* read in Resources */,
				4E44FFC118B250F50066B9E9 /* tab_icon5@2x.png in Resources */,
				4E89AE6018DCAC0400C4DD7B /* APIRespondCode.plist in Resources */,
				4E44FFB118B250F50066B9E9 /* tab_icon1@2x.png in Resources */,
				4E44FFBF18B250F50066B9E9 /* tab_icon4_Press@2x.png in Resources */,
				4E44FFBB18B250F50066B9E9 /* tab_icon3_Press@2x.png in Resources */,
				4E44FFB718B250F50066B9E9 /* tab_icon2_Press@2x.png in Resources */,
				4E0A0F7118DA9ACD004082C6 /* GYUserInterfaceViewController.xib in Resources */,
				4E44FFA918B250F50066B9E9 /* NavBar@2x.png in Resources */,
				4E44FFC218B250F50066B9E9 /* tab_icon5_Press.png in Resources */,
				4E44FFAD18B250F50066B9E9 /* NavButtonPressed@2x.png in Resources */,
				4E44FFA718B250F50066B9E9 /* NavBar64.png in Resources */,
				4E0A0F6C18DA9A78004082C6 /* GYGameHallViewController.xib in Resources */,
				4E44FFBD18B250F50066B9E9 /* tab_icon4@2x.png in Resources */,
				4E44FFA418B250F50066B9E9 /* NavBackButton@2x.png in Resources */,
				4E44FFB218B250F50066B9E9 /* tab_icon1_Press.png in Resources */,
				4E44FFB918B250F50066B9E9 /* tab_icon3@2x.png in Resources */,
				4EB771B918891FFD00EBF933 /* Model in Resources */,
				4EF2108518769ABB00D8634F /* digital-7.ttf in Resources */,
				4E44FFAE18B250F50066B9E9 /* NavButtonRefresh.png in Resources */,
			);
			runOnlyForDeploymentPostprocessing = 0;
		};
		4ED193F5187100FD00F643DC /* Resources */ = {
			isa = PBXResourcesBuildPhase;
			buildActionMask = 2147483647;
			files = (
			);
			runOnlyForDeploymentPostprocessing = 0;
		};
/* End PBXResourcesBuildPhase section */

/* Begin PBXShellScriptBuildPhase section */
		4EFD1AE2BFB54B998A2F3AAA /* Check Pods Manifest.lock */ = {
			isa = PBXShellScriptBuildPhase;
			buildActionMask = 2147483647;
			files = (
			);
			inputPaths = (
			);
			name = "Check Pods Manifest.lock";
			outputPaths = (
			);
			runOnlyForDeploymentPostprocessing = 0;
			shellPath = /bin/sh;
			shellScript = "diff \"${PODS_ROOT}/../Podfile.lock\" \"${PODS_ROOT}/Manifest.lock\" > /dev/null\nif [[ $? != 0 ]] ; then\n    cat << EOM\nerror: The sandbox is not in sync with the Podfile.lock. Run 'pod install' or update your CocoaPods installation.\nEOM\n    exit 1\nfi\n";
			showEnvVarsInLog = 0;
		};
		8CF5E837957A42149953FEF8 /* Copy Pods Resources */ = {
			isa = PBXShellScriptBuildPhase;
			buildActionMask = 2147483647;
			files = (
			);
			inputPaths = (
			);
			name = "Copy Pods Resources";
			outputPaths = (
			);
			runOnlyForDeploymentPostprocessing = 0;
			shellPath = /bin/sh;
			shellScript = "\"${SRCROOT}/Pods/Pods-resources.sh\"\n";
			showEnvVarsInLog = 0;
		};
/* End PBXShellScriptBuildPhase section */

/* Begin PBXSourcesBuildPhase section */
		4ED193CF187100FC00F643DC /* Sources */ = {
			isa = PBXSourcesBuildPhase;
			buildActionMask = 2147483647;
			files = (
				4E44FF4218B236100066B9E9 /* UIColor+UIImage.m in Sources */,
				4E84118518E409B100A7C36D /* NSObject+GYBlockTimer.m in Sources */,
				4ED193E7187100FD00F643DC /* AppDelegate.m in Sources */,
				4EAC94A918E56BEB00E15684 /* AppDelegate+MMDrawer.m in Sources */,
				4E0A0FA118DAD586004082C6 /* AppDelegate+Push.m in Sources */,
				4E305A2B18B3752100ACDEB5 /* NSString+JSONCategory.m in Sources */,
				4E0A0F7018DA9ACD004082C6 /* GYUserInterfaceViewController.m in Sources */,
				4E73D89018EAC554005D5663 /* XMLDictionary.m in Sources */,
				4EBA8B991876633D0009991E /* UIDevice+SystemInfo.m in Sources */,
				4E0A0F8618DA9CF0004082C6 /* GYAppDelegateHelper.m in Sources */,
				4EBA8B7F187649AA0009991E /* UIView+Utils.m in Sources */,
				4E305A2818B3744000ACDEB5 /* NSString+LotteryNameCode.m in Sources */,
				4EBA8B8618764D790009991E /* AFAppDotNetAPIClient.m in Sources */,
				4E73D88C18EAC3DB005D5663 /* GYJSONUtility.m in Sources */,
				4EFF266F18DD5F730058C193 /* GYRespondCodeUtility.m in Sources */,
				4E0A0F6B18DA9A78004082C6 /* GYGameHallViewController.m in Sources */,
				4E305A3118B375A200ACDEB5 /* NSString+Category.m in Sources */,
				4E0A0F6718DA9902004082C6 /* GYAppTabBarController.m in Sources */,
				4E305A2E18B3754600ACDEB5 /* NSString+MD5.m in Sources */,
				4EE87E8218EE5D4300CE4A22 /* GYHTTPNetWorkManager.m in Sources */,
				4E0A0F8C18DAA2AB004082C6 /* GYGaryPersonalLog.m in Sources */,
				4ED193E3187100FD00F643DC /* main.m in Sources */,
				4ED43C9218D4415E003D56F1 /* UIDevice+UDID.m in Sources */,
				4E0A0F8918DAA1B5004082C6 /* GYUncaughtExceptionHandler.m in Sources */,
				4E0A0F7A18DA9B59004082C6 /* GYNewsInfoViewController.m in Sources */,
				4E0A0F7F18DA9B97004082C6 /* GYMoreInterfaceViewController.m in Sources */,
				4E0A0F8318DA9C93004082C6 /* GYRegularVerification.m in Sources */,
				4E44FF7E18B24C750066B9E9 /* UIViewController+Shake.m in Sources */,
				4E0A0F7518DA9B1B004082C6 /* GYOpenPrizeInfoViewController.m in Sources */,
				4E0A0F5E18DA9836004082C6 /* GYAppTabBarItem.m in Sources */,
				4E73D89318EAC57A005D5663 /* GYResolveDataUtility.m in Sources */,
			);
			runOnlyForDeploymentPostprocessing = 0;
		};
		4ED193F3187100FD00F643DC /* Sources */ = {
			isa = PBXSourcesBuildPhase;
			buildActionMask = 2147483647;
			files = (
				4ED19405187100FD00F643DC /* JccpTests.m in Sources */,
			);
			runOnlyForDeploymentPostprocessing = 0;
		};
/* End PBXSourcesBuildPhase section */

/* Begin PBXTargetDependency section */
		4ED193FD187100FD00F643DC /* PBXTargetDependency */ = {
			isa = PBXTargetDependency;
			target = 4ED193D2187100FC00F643DC /* Jccp */;
			targetProxy = 4ED193FC187100FD00F643DC /* PBXContainerItemProxy */;
		};
/* End PBXTargetDependency section */

/* Begin PBXVariantGroup section */
		4EF2108E18769C6C00D8634F /* InfoPlist.strings */ = {
			isa = PBXVariantGroup;
			children = (
				4EF2108F18769C6C00D8634F /* en */,
				4EF2109318769C9700D8634F /* zh-Hans */,
			);
			name = InfoPlist.strings;
			sourceTree = "<group>";
		};
		4EF2109618769C9D00D8634F /* Localizable.strings */ = {
			isa = PBXVariantGroup;
			children = (
				4EF2109518769C9D00D8634F /* en */,
				4EF2109718769CA000D8634F /* zh-Hans */,
			);
			name = Localizable.strings;
			sourceTree = "<group>";
		};
/* End PBXVariantGroup section */

/* Begin XCBuildConfiguration section */
		4ED19406187100FD00F643DC /* Debug */ = {
			isa = XCBuildConfiguration;
			buildSettings = {
				ALWAYS_SEARCH_USER_PATHS = NO;
				CLANG_CXX_LANGUAGE_STANDARD = "gnu++0x";
				CLANG_CXX_LIBRARY = "libc++";
				CLANG_ENABLE_MODULES = YES;
				CLANG_ENABLE_OBJC_ARC = YES;
				CLANG_WARN_BOOL_CONVERSION = YES;
				CLANG_WARN_CONSTANT_CONVERSION = YES;
				CLANG_WARN_DIRECT_OBJC_ISA_USAGE = YES_ERROR;
				CLANG_WARN_EMPTY_BODY = YES;
				CLANG_WARN_ENUM_CONVERSION = YES;
				CLANG_WARN_INT_CONVERSION = YES;
				CLANG_WARN_OBJC_ROOT_CLASS = YES_ERROR;
				CLANG_WARN__DUPLICATE_METHOD_MATCH = YES;
				"CODE_SIGN_IDENTITY[sdk=iphoneos*]" = "iPhone Developer";
				COPY_PHASE_STRIP = NO;
				GCC_C_LANGUAGE_STANDARD = gnu99;
				GCC_DYNAMIC_NO_PIC = NO;
				GCC_OPTIMIZATION_LEVEL = 0;
				GCC_PREPROCESSOR_DEFINITIONS = (
					"DEBUG=1",
					"$(inherited)",
				);
				GCC_SYMBOLS_PRIVATE_EXTERN = NO;
				GCC_WARN_64_TO_32_BIT_CONVERSION = YES;
				GCC_WARN_ABOUT_RETURN_TYPE = YES_ERROR;
				GCC_WARN_UNDECLARED_SELECTOR = YES;
				GCC_WARN_UNINITIALIZED_AUTOS = YES;
				GCC_WARN_UNUSED_FUNCTION = YES;
				GCC_WARN_UNUSED_VARIABLE = YES;
				IPHONEOS_DEPLOYMENT_TARGET = 7.0;
				ONLY_ACTIVE_ARCH = YES;
				OTHER_LDFLAGS = "-ObjC";
				SDKROOT = iphoneos;
				TARGETED_DEVICE_FAMILY = "1,2";
			};
			name = Debug;
		};
		4ED19407187100FD00F643DC /* Release */ = {
			isa = XCBuildConfiguration;
			buildSettings = {
				ALWAYS_SEARCH_USER_PATHS = NO;
				CLANG_CXX_LANGUAGE_STANDARD = "gnu++0x";
				CLANG_CXX_LIBRARY = "libc++";
				CLANG_ENABLE_MODULES = YES;
				CLANG_ENABLE_OBJC_ARC = YES;
				CLANG_WARN_BOOL_CONVERSION = YES;
				CLANG_WARN_CONSTANT_CONVERSION = YES;
				CLANG_WARN_DIRECT_OBJC_ISA_USAGE = YES_ERROR;
				CLANG_WARN_EMPTY_BODY = YES;
				CLANG_WARN_ENUM_CONVERSION = YES;
				CLANG_WARN_INT_CONVERSION = YES;
				CLANG_WARN_OBJC_ROOT_CLASS = YES_ERROR;
				CLANG_WARN__DUPLICATE_METHOD_MATCH = YES;
				"CODE_SIGN_IDENTITY[sdk=iphoneos*]" = "iPhone Developer";
				COPY_PHASE_STRIP = YES;
				ENABLE_NS_ASSERTIONS = NO;
				GCC_C_LANGUAGE_STANDARD = gnu99;
				GCC_WARN_64_TO_32_BIT_CONVERSION = YES;
				GCC_WARN_ABOUT_RETURN_TYPE = YES_ERROR;
				GCC_WARN_UNDECLARED_SELECTOR = YES;
				GCC_WARN_UNINITIALIZED_AUTOS = YES;
				GCC_WARN_UNUSED_FUNCTION = YES;
				GCC_WARN_UNUSED_VARIABLE = YES;
				IPHONEOS_DEPLOYMENT_TARGET = 7.0;
				OTHER_LDFLAGS = "-ObjC";
				SDKROOT = iphoneos;
				TARGETED_DEVICE_FAMILY = "1,2";
				VALIDATE_PRODUCT = YES;
			};
			name = Release;
		};
		4ED19409187100FD00F643DC /* Debug */ = {
			isa = XCBuildConfiguration;
			baseConfigurationReference = 5B1710CFFD3D482A9842F83A /* Pods.xcconfig */;
			buildSettings = {
				ASSETCATALOG_COMPILER_APPICON_NAME = AppIcon;
				ASSETCATALOG_COMPILER_LAUNCHIMAGE_NAME = LaunchImage;
				FRAMEWORK_SEARCH_PATHS = (
					"$(inherited)",
					"$(PROJECT_DIR)",
				);
				GCC_PRECOMPILE_PREFIX_HEADER = YES;
				GCC_PREFIX_HEADER = "Jccp/Jccp-Prefix.pch";
				HEADER_SEARCH_PATHS = (
					"\"${PODS_ROOT}/Headers\"",
					"\"${PODS_ROOT}/Headers/AFNetworking\"",
					"\"${PODS_ROOT}/Headers/CBIntrospect\"",
					"\"${PODS_ROOT}/Headers/FMDB\"",
					"\"${PODS_ROOT}/Headers/OpenUDID\"",
					"\"${PODS_ROOT}/Headers/Reachability\"",
					"\"${PODS_ROOT}/Headers/ReactiveCocoa\"",
					"\"${PODS_ROOT}/Headers/ReactiveCocoa/ReactiveCocoa\"",
				);
				INFOPLIST_FILE = "Jccp/Jccp-Info.plist";
				IPHONEOS_DEPLOYMENT_TARGET = 7.0;
				PRODUCT_NAME = "$(TARGET_NAME)";
				USER_HEADER_SEARCH_PATHS = "${SRCROOT}/**";
				WRAPPER_EXTENSION = app;
			};
			name = Debug;
		};
		4ED1940A187100FD00F643DC /* Release */ = {
			isa = XCBuildConfiguration;
			baseConfigurationReference = 5B1710CFFD3D482A9842F83A /* Pods.xcconfig */;
			buildSettings = {
				ASSETCATALOG_COMPILER_APPICON_NAME = AppIcon;
				ASSETCATALOG_COMPILER_LAUNCHIMAGE_NAME = LaunchImage;
				FRAMEWORK_SEARCH_PATHS = (
					"$(inherited)",
					"$(PROJECT_DIR)",
				);
				GCC_PRECOMPILE_PREFIX_HEADER = YES;
				GCC_PREFIX_HEADER = "Jccp/Jccp-Prefix.pch";
				HEADER_SEARCH_PATHS = (
					"\"${PODS_ROOT}/Headers\"",
					"\"${PODS_ROOT}/Headers/AFNetworking\"",
					"\"${PODS_ROOT}/Headers/CBIntrospect\"",
					"\"${PODS_ROOT}/Headers/FMDB\"",
					"\"${PODS_ROOT}/Headers/OpenUDID\"",
					"\"${PODS_ROOT}/Headers/Reachability\"",
					"\"${PODS_ROOT}/Headers/ReactiveCocoa\"",
					"\"${PODS_ROOT}/Headers/ReactiveCocoa/ReactiveCocoa\"",
				);
				INFOPLIST_FILE = "Jccp/Jccp-Info.plist";
				IPHONEOS_DEPLOYMENT_TARGET = 7.0;
				PRODUCT_NAME = "$(TARGET_NAME)";
				USER_HEADER_SEARCH_PATHS = "${SRCROOT}/**";
				WRAPPER_EXTENSION = app;
			};
			name = Release;
		};
		4ED1940C187100FD00F643DC /* Debug */ = {
			isa = XCBuildConfiguration;
			buildSettings = {
				BUNDLE_LOADER = "$(BUILT_PRODUCTS_DIR)/Jccp.app/Jccp";
				FRAMEWORK_SEARCH_PATHS = (
					"$(SDKROOT)/Developer/Library/Frameworks",
					"$(inherited)",
					"$(DEVELOPER_FRAMEWORKS_DIR)",
				);
				GCC_PRECOMPILE_PREFIX_HEADER = YES;
				GCC_PREFIX_HEADER = "Jccp/Jccp-Prefix.pch";
				GCC_PREPROCESSOR_DEFINITIONS = (
					"DEBUG=1",
					"$(inherited)",
				);
				INFOPLIST_FILE = "JccpTests/JccpTests-Info.plist";
				PRODUCT_NAME = "$(TARGET_NAME)";
				TEST_HOST = "$(BUNDLE_LOADER)";
				WRAPPER_EXTENSION = xctest;
			};
			name = Debug;
		};
		4ED1940D187100FD00F643DC /* Release */ = {
			isa = XCBuildConfiguration;
			buildSettings = {
				BUNDLE_LOADER = "$(BUILT_PRODUCTS_DIR)/Jccp.app/Jccp";
				FRAMEWORK_SEARCH_PATHS = (
					"$(SDKROOT)/Developer/Library/Frameworks",
					"$(inherited)",
					"$(DEVELOPER_FRAMEWORKS_DIR)",
				);
				GCC_PRECOMPILE_PREFIX_HEADER = YES;
				GCC_PREFIX_HEADER = "Jccp/Jccp-Prefix.pch";
				INFOPLIST_FILE = "JccpTests/JccpTests-Info.plist";
				PRODUCT_NAME = "$(TARGET_NAME)";
				TEST_HOST = "$(BUNDLE_LOADER)";
				WRAPPER_EXTENSION = xctest;
			};
			name = Release;
		};
/* End XCBuildConfiguration section */

/* Begin XCConfigurationList section */
		4ED193CE187100FC00F643DC /* Build configuration list for PBXProject "Jccp" */ = {
			isa = XCConfigurationList;
			buildConfigurations = (
				4ED19406187100FD00F643DC /* Debug */,
				4ED19407187100FD00F643DC /* Release */,
			);
			defaultConfigurationIsVisible = 0;
			defaultConfigurationName = Release;
		};
		4ED19408187100FD00F643DC /* Build configuration list for PBXNativeTarget "Jccp" */ = {
			isa = XCConfigurationList;
			buildConfigurations = (
				4ED19409187100FD00F643DC /* Debug */,
				4ED1940A187100FD00F643DC /* Release */,
			);
			defaultConfigurationIsVisible = 0;
			defaultConfigurationName = Release;
		};
		4ED1940B187100FD00F643DC /* Build configuration list for PBXNativeTarget "JccpTests" */ = {
			isa = XCConfigurationList;
			buildConfigurations = (
				4ED1940C187100FD00F643DC /* Debug */,
				4ED1940D187100FD00F643DC /* Release */,
			);
			defaultConfigurationIsVisible = 0;
			defaultConfigurationName = Release;
		};
/* End XCConfigurationList section */
	};
	rootObject = 4ED193CB187100FC00F643DC /* Project object */;
}
